// !$*UTF8*$!
{
	archiveVersion = 1;
	classes = {
	};
	objectVersion = 77;
	objects = {

/* Begin PBXBuildFile section */
		13007E67FB6C5D21D8A723AE /* NivelitoShapes.swift in Sources */ = {isa = PBXBuildFile; fileRef = 1EACEDF64B0B6576809396B1 /* NivelitoShapes.swift */; };
		1B36CC033AB07BEB581D664D /* Theme.swift in Sources */ = {isa = PBXBuildFile; fileRef = 9782153DD5F0B9BABA5132F1 /* Theme.swift */; };
		391EAD8EC7FF0C0A74A634D5 /* NivelCore in Frameworks */ = {isa = PBXBuildFile; productRef = B88CBBE48B3261367C1BD66E /* NivelCore */; };
		53931F6D56ACB48CD78C092D /* Assets.xcassets in Resources */ = {isa = PBXBuildFile; fileRef = A6EDCC1A6BBE5494E9031FF3 /* Assets.xcassets */; };
		5A40096E1BB5A7713251D5C1 /* NivelitoView.swift in Sources */ = {isa = PBXBuildFile; fileRef = C923A46DDC21834AB6E06D1B /* NivelitoView.swift */; };
		5B9E24C6742A771CA6A2B008 /* AppSmokeTests.swift in Sources */ = {isa = PBXBuildFile; fileRef = 67EB506351740B5EC992E309 /* AppSmokeTests.swift */; };
		6E6D79EE6AB41491A6FAEEA8 /* NivelApp.swift in Sources */ = {isa = PBXBuildFile; fileRef = 252E585F67D7801561AA6A8A /* NivelApp.swift */; };
		8F7261B03BB53E975D11918B /* SpeechBubble.swift in Sources */ = {isa = PBXBuildFile; fileRef = ABEDC772C4F515AF32D0B650 /* SpeechBubble.swift */; };
		98FFD55FB53DB28F24DFA336 /* PersistentModels.swift in Sources */ = {isa = PBXBuildFile; fileRef = 2EABBAD095DB88DF009C167B /* PersistentModels.swift */; };
		9AAC11CD2DCE67EF87514452 /* GameServiceTests.swift in Sources */ = {isa = PBXBuildFile; fileRef = EA9815E4BFFB49808FA9B128 /* GameServiceTests.swift */; };
		CA44B39964325597C05E92A6 /* RootView.swift in Sources */ = {isa = PBXBuildFile; fileRef = 671D6B6E3581A479FFED40C2 /* RootView.swift */; };
		FDCB8202104609DE46003A7A /* GameService.swift in Sources */ = {isa = PBXBuildFile; fileRef = 6A1F6969B88BCA1A9BE77195 /* GameService.swift */; };
		FF12E9FD2218E9B1A09DFA9A /* HealthKitService.swift in Sources */ = {isa = PBXBuildFile; fileRef = 2749E47DBFD2A5D89042A89E /* HealthKitService.swift */; };
/* End PBXBuildFile section */

/* Begin PBXContainerItemProxy section */
		CB5119286F40B24428A37ADF /* PBXContainerItemProxy */ = {
			isa = PBXContainerItemProxy;
			containerPortal = 04E8B4E936966D5E7CBCE2A4 /* Project object */;
			proxyType = 1;
			remoteGlobalIDString = 75F9E279A12A830E33238A0B;
			remoteInfo = Nivel;
		};
/* End PBXContainerItemProxy section */

/* Begin PBXFileReference section */
		1B870793FACF92E8A3EC300C /* Nivel.entitlements */ = {isa = PBXFileReference; lastKnownFileType = text.plist.entitlements; path = Nivel.entitlements; sourceTree = "<group>"; };
		1EACEDF64B0B6576809396B1 /* NivelitoShapes.swift */ = {isa = PBXFileReference; lastKnownFileType = sourcecode.swift; path = NivelitoShapes.swift; sourceTree = "<group>"; };
		252E585F67D7801561AA6A8A /* NivelApp.swift */ = {isa = PBXFileReference; lastKnownFileType = sourcecode.swift; path = NivelApp.swift; sourceTree = "<group>"; };
		2749E47DBFD2A5D89042A89E /* HealthKitService.swift */ = {isa = PBXFileReference; lastKnownFileType = sourcecode.swift; path = HealthKitService.swift; sourceTree = "<group>"; };
		2EABBAD095DB88DF009C167B /* PersistentModels.swift */ = {isa = PBXFileReference; lastKnownFileType = sourcecode.swift; path = PersistentModels.swift; sourceTree = "<group>"; };
		34F99A2EA3F3B3FD6B5FB4AB /* Info.plist */ = {isa = PBXFileReference; lastKnownFileType = text.plist; path = Info.plist; sourceTree = "<group>"; };
		458C2EFDE5A8833EB80D2F5C /* Nivel.app */ = {isa = PBXFileReference; includeInIndex = 0; lastKnownFileType = wrapper.application; path = Nivel.app; sourceTree = BUILT_PRODUCTS_DIR; };
		671D6B6E3581A479FFED40C2 /* RootView.swift */ = {isa = PBXFileReference; lastKnownFileType = sourcecode.swift; path = RootView.swift; sourceTree = "<group>"; };
		67EB506351740B5EC992E309 /* AppSmokeTests.swift */ = {isa = PBXFileReference; lastKnownFileType = sourcecode.swift; path = AppSmokeTests.swift; sourceTree = "<group>"; };
		6A1F6969B88BCA1A9BE77195 /* GameService.swift */ = {isa = PBXFileReference; lastKnownFileType = sourcecode.swift; path = GameService.swift; sourceTree = "<group>"; };
		83A4DCCA0A5474334D59C73C /* NivelCore */ = {isa = PBXFileReference; lastKnownFileType = folder; name = NivelCore; path = NivelCore; sourceTree = SOURCE_ROOT; };
		9782153DD5F0B9BABA5132F1 /* Theme.swift */ = {isa = PBXFileReference; lastKnownFileType = sourcecode.swift; path = Theme.swift; sourceTree = "<group>"; };
		A6EDCC1A6BBE5494E9031FF3 /* Assets.xcassets */ = {isa = PBXFileReference; lastKnownFileType = folder.assetcatalog; path = Assets.xcassets; sourceTree = "<group>"; };
		ABEDC772C4F515AF32D0B650 /* SpeechBubble.swift */ = {isa = PBXFileReference; lastKnownFileType = sourcecode.swift; path = SpeechBubble.swift; sourceTree = "<group>"; };
		C923A46DDC21834AB6E06D1B /* NivelitoView.swift */ = {isa = PBXFileReference; lastKnownFileType = sourcecode.swift; path = NivelitoView.swift; sourceTree = "<group>"; };
		C9AB33328B42B0A39E65B608 /* NivelTests.xctest */ = {isa = PBXFileReference; includeInIndex = 0; lastKnownFileType = wrapper.cfbundle; path = NivelTests.xctest; sourceTree = BUILT_PRODUCTS_DIR; };
		EA9815E4BFFB49808FA9B128 /* GameServiceTests.swift */ = {isa = PBXFileReference; lastKnownFileType = sourcecode.swift; path = GameServiceTests.swift; sourceTree = "<group>"; };
/* End PBXFileReference section */

/* Begin PBXFrameworksBuildPhase section */
		D58D6C950BD27C805AE3E732 /* Frameworks */ = {
			isa = PBXFrameworksBuildPhase;
			buildActionMask = 2147483647;
			files = (
				391EAD8EC7FF0C0A74A634D5 /* NivelCore in Frameworks */,
			);
			runOnlyForDeploymentPostprocessing = 0;
		};
/* End PBXFrameworksBuildPhase section */

/* Begin PBXGroup section */
		3086EF3E7FB64FB4B497C1C6 /* Packages */ = {
			isa = PBXGroup;
			children = (
				83A4DCCA0A5474334D59C73C /* NivelCore */,
			);
			name = Packages;
			sourceTree = "<group>";
		};
		55F522696164C90847F50AEC /* Services */ = {
			isa = PBXGroup;
			children = (
				6A1F6969B88BCA1A9BE77195 /* GameService.swift */,
				2749E47DBFD2A5D89042A89E /* HealthKitService.swift */,
			);
			path = Services;
			sourceTree = "<group>";
		};
		63F7EE8FCCFE2E88E9C06023 /* Models */ = {
			isa = PBXGroup;
			children = (
				2EABBAD095DB88DF009C167B /* PersistentModels.swift */,
			);
			path = Models;
			sourceTree = "<group>";
		};
		6C7D7F98C985D3F16E437E6C /* App */ = {
			isa = PBXGroup;
			children = (
				A6EDCC1A6BBE5494E9031FF3 /* Assets.xcassets */,
				34F99A2EA3F3B3FD6B5FB4AB /* Info.plist */,
				1B870793FACF92E8A3EC300C /* Nivel.entitlements */,
				252E585F67D7801561AA6A8A /* NivelApp.swift */,
				671D6B6E3581A479FFED40C2 /* RootView.swift */,
				9782153DD5F0B9BABA5132F1 /* Theme.swift */,
				63F7EE8FCCFE2E88E9C06023 /* Models */,
				F69825F0205D2F6823977A1F /* Nivelito */,
				55F522696164C90847F50AEC /* Services */,
			);
			path = App;
			sourceTree = "<group>";
		};
		BFF6958B815AC1E48D671C2E = {
			isa = PBXGroup;
			children = (
				6C7D7F98C985D3F16E437E6C /* App */,
				D148F81EC70A7990945C04A7 /* NivelTests */,
				3086EF3E7FB64FB4B497C1C6 /* Packages */,
				D7AB301520ABEA23F8475A93 /* Products */,
			);
			sourceTree = "<group>";
		};
		D148F81EC70A7990945C04A7 /* NivelTests */ = {
			isa = PBXGroup;
			children = (
				67EB506351740B5EC992E309 /* AppSmokeTests.swift */,
				EA9815E4BFFB49808FA9B128 /* GameServiceTests.swift */,
			);
			path = NivelTests;
			sourceTree = "<group>";
		};
		D7AB301520ABEA23F8475A93 /* Products */ = {
			isa = PBXGroup;
			children = (
				458C2EFDE5A8833EB80D2F5C /* Nivel.app */,
				C9AB33328B42B0A39E65B608 /* NivelTests.xctest */,
			);
			name = Products;
			sourceTree = "<group>";
		};
		F69825F0205D2F6823977A1F /* Nivelito */ = {
			isa = PBXGroup;
			children = (
				1EACEDF64B0B6576809396B1 /* NivelitoShapes.swift */,
				C923A46DDC21834AB6E06D1B /* NivelitoView.swift */,
				ABEDC772C4F515AF32D0B650 /* SpeechBubble.swift */,
			);
			path = Nivelito;
			sourceTree = "<group>";
		};
/* End PBXGroup section */

/* Begin PBXNativeTarget section */
		75F9E279A12A830E33238A0B /* Nivel */ = {
			isa = PBXNativeTarget;
			buildConfigurationList = 3197E686F23E9F45A269CDE6 /* Build configuration list for PBXNativeTarget "Nivel" */;
			buildPhases = (
				16393D940E29D85B066DC4BC /* Sources */,
				135C90D892911A980C9F51AF /* Resources */,
				D58D6C950BD27C805AE3E732 /* Frameworks */,
			);
			buildRules = (
			);
			dependencies = (
			);
			name = Nivel;
			packageProductDependencies = (
				B88CBBE48B3261367C1BD66E /* NivelCore */,
			);
			productName = Nivel;
			productReference = 458C2EFDE5A8833EB80D2F5C /* Nivel.app */;
			productType = "com.apple.product-type.application";
		};
		8FDBDF29CEF0DF64A2106A52 /* NivelTests */ = {
			isa = PBXNativeTarget;
			buildConfigurationList = EF80D40966584D66EEABCDC3 /* Build configuration list for PBXNativeTarget "NivelTests" */;
			buildPhases = (
				A033EE4E1D5B9DB6AF2E1A42 /* Sources */,
			);
			buildRules = (
			);
			dependencies = (
				35B177CC73F05313AF815BF0 /* PBXTargetDependency */,
			);
			name = NivelTests;
			packageProductDependencies = (
			);
			productName = NivelTests;
			productReference = C9AB33328B42B0A39E65B608 /* NivelTests.xctest */;
			productType = "com.apple.product-type.bundle.unit-test";
		};
/* End PBXNativeTarget section */

/* Begin PBXProject section */
		04E8B4E936966D5E7CBCE2A4 /* Project object */ = {
			isa = PBXProject;
			attributes = {
				BuildIndependentTargetsInParallel = YES;
				LastUpgradeCheck = 1430;
				TargetAttributes = {
				};
			};
			buildConfigurationList = 6D59E3BA22F6B18CD1F33C4D /* Build configuration list for PBXProject "Nivel" */;
			developmentRegion = en;
			hasScannedForEncodings = 0;
			knownRegions = (
				Base,
				en,
			);
			mainGroup = BFF6958B815AC1E48D671C2E;
			minimizedProjectReferenceProxies = 1;
			packageReferences = (
				7A9C36BC65A1C4D06724DB70 /* XCLocalSwiftPackageReference "NivelCore" */,
			);
			preferredProjectObjectVersion = 77;
			productRefGroup = D7AB301520ABEA23F8475A93 /* Products */;
			projectDirPath = "";
			projectRoot = "";
			targets = (
				75F9E279A12A830E33238A0B /* Nivel */,
				8FDBDF29CEF0DF64A2106A52 /* NivelTests */,
			);
		};
/* End PBXProject section */

/* Begin PBXResourcesBuildPhase section */
		135C90D892911A980C9F51AF /* Resources */ = {
			isa = PBXResourcesBuildPhase;
			buildActionMask = 2147483647;
			files = (
				53931F6D56ACB48CD78C092D /* Assets.xcassets in Resources */,
			);
			runOnlyForDeploymentPostprocessing = 0;
		};
/* End PBXResourcesBuildPhase section */

/* Begin PBXSourcesBuildPhase section */
		16393D940E29D85B066DC4BC /* Sources */ = {
			isa = PBXSourcesBuildPhase;
			buildActionMask = 2147483647;
			files = (
				FDCB8202104609DE46003A7A /* GameService.swift in Sources */,
				FF12E9FD2218E9B1A09DFA9A /* HealthKitService.swift in Sources */,
				6E6D79EE6AB41491A6FAEEA8 /* NivelApp.swift in Sources */,
				13007E67FB6C5D21D8A723AE /* NivelitoShapes.swift in Sources */,
				5A40096E1BB5A7713251D5C1 /* NivelitoView.swift in Sources */,
				98FFD55FB53DB28F24DFA336 /* PersistentModels.swift in Sources */,
				CA44B39964325597C05E92A6 /* RootView.swift in Sources */,
				8F7261B03BB53E975D11918B /* SpeechBubble.swift in Sources */,
				1B36CC033AB07BEB581D664D /* Theme.swift in Sources */,
			);
			runOnlyForDeploymentPostprocessing = 0;
		};
		A033EE4E1D5B9DB6AF2E1A42 /* Sources */ = {
			isa = PBXSourcesBuildPhase;
			buildActionMask = 2147483647;
			files = (
				5B9E24C6742A771CA6A2B008 /* AppSmokeTests.swift in Sources */,
				9AAC11CD2DCE67EF87514452 /* GameServiceTests.swift in Sources */,
			);
			runOnlyForDeploymentPostprocessing = 0;
		};
/* End PBXSourcesBuildPhase section */

/* Begin PBXTargetDependency section */
		35B177CC73F05313AF815BF0 /* PBXTargetDependency */ = {
			isa = PBXTargetDependency;
			target = 75F9E279A12A830E33238A0B /* Nivel */;
			targetProxy = CB5119286F40B24428A37ADF /* PBXContainerItemProxy */;
		};
/* End PBXTargetDependency section */

/* Begin XCBuildConfiguration section */
		57D9D36D439461EC8FA85191 /* Release */ = {
			isa = XCBuildConfiguration;
			buildSettings = {
				ALWAYS_SEARCH_USER_PATHS = NO;
				CLANG_ANALYZER_NONNULL = YES;
				CLANG_ANALYZER_NUMBER_OBJECT_CONVERSION = YES_AGGRESSIVE;
				CLANG_CXX_LANGUAGE_STANDARD = "gnu++14";
				CLANG_CXX_LIBRARY = "libc++";
				CLANG_ENABLE_MODULES = YES;
				CLANG_ENABLE_OBJC_ARC = YES;
				CLANG_ENABLE_OBJC_WEAK = YES;
				CLANG_WARN_BLOCK_CAPTURE_AUTORELEASING = YES;
				CLANG_WARN_BOOL_CONVERSION = YES;
				CLANG_WARN_COMMA = YES;
				CLANG_WARN_CONSTANT_CONVERSION = YES;
				CLANG_WARN_DEPRECATED_OBJC_IMPLEMENTATIONS = YES;
				CLANG_WARN_DIRECT_OBJC_ISA_USAGE = YES_ERROR;
				CLANG_WARN_DOCUMENTATION_COMMENTS = YES;
				CLANG_WARN_EMPTY_BODY = YES;
				CLANG_WARN_ENUM_CONVERSION = YES;
				CLANG_WARN_INFINITE_RECURSION = YES;
				CLANG_WARN_INT_CONVERSION = YES;
				CLANG_WARN_NON_LITERAL_NULL_CONVERSION = YES;
				CLANG_WARN_OBJC_IMPLICIT_RETAIN_SELF = YES;
				CLANG_WARN_OBJC_LITERAL_CONVERSION = YES;
				CLANG_WARN_OBJC_ROOT_CLASS = YES_ERROR;
				CLANG_WARN_QUOTED_INCLUDE_IN_FRAMEWORK_HEADER = YES;
				CLANG_WARN_RANGE_LOOP_ANALYSIS = YES;
				CLANG_WARN_STRICT_PROTOTYPES = YES;
				CLANG_WARN_SUSPICIOUS_MOVE = YES;
				CLANG_WARN_UNGUARDED_AVAILABILITY = YES_AGGRESSIVE;
				CLANG_WARN_UNREACHABLE_CODE = YES;
				CLANG_WARN__DUPLICATE_METHOD_MATCH = YES;
				COPY_PHASE_STRIP = NO;
				DEBUG_INFORMATION_FORMAT = "dwarf-with-dsym";
				ENABLE_NS_ASSERTIONS = NO;
				ENABLE_STRICT_OBJC_MSGSEND = YES;
				GCC_C_LANGUAGE_STANDARD = gnu11;
				GCC_NO_COMMON_BLOCKS = YES;
				GCC_WARN_64_TO_32_BIT_CONVERSION = YES;
				GCC_WARN_ABOUT_RETURN_TYPE = YES_ERROR;
				GCC_WARN_UNDECLARED_SELECTOR = YES;
				GCC_WARN_UNINITIALIZED_AUTOS = YES_AGGRESSIVE;
				GCC_WARN_UNUSED_FUNCTION = YES;
				GCC_WARN_UNUSED_VARIABLE = YES;
				IPHONEOS_DEPLOYMENT_TARGET = 17.0;
				MTL_ENABLE_DEBUG_INFO = NO;
				MTL_FAST_MATH = YES;
				PRODUCT_NAME = "$(TARGET_NAME)";
				SDKROOT = iphoneos;
				SWIFT_COMPILATION_MODE = wholemodule;
				SWIFT_OPTIMIZATION_LEVEL = "-O";
				SWIFT_VERSION = 5.0;
			};
			name = Release;
		};
		5B0F8DDC8C507B5E40FE63C2 /* Debug */ = {
			isa = XCBuildConfiguration;
			buildSettings = {
				ASSETCATALOG_COMPILER_APPICON_NAME = AppIcon;
				CODE_SIGN_ENTITLEMENTS = App/Nivel.entitlements;
				CODE_SIGN_IDENTITY = "iPhone Developer";
				INFOPLIST_FILE = App/Info.plist;
				LD_RUNPATH_SEARCH_PATHS = (
					"$(inherited)",
					"@executable_path/Frameworks",
				);
				PRODUCT_BUNDLE_IDENTIFIER = fr.mbernard.Nivel;
				SDKROOT = iphoneos;
				TARGETED_DEVICE_FAMILY = "1,2";
			};
			name = Debug;
		};
		96F8A22F0A393B2B5FED0806 /* Release */ = {
			isa = XCBuildConfiguration;
			buildSettings = {
				BUNDLE_LOADER = "$(TEST_HOST)";
				GENERATE_INFOPLIST_FILE = YES;
				LD_RUNPATH_SEARCH_PATHS = (
					"$(inherited)",
					"@executable_path/Frameworks",
					"@loader_path/Frameworks",
				);
				PRODUCT_BUNDLE_IDENTIFIER = fr.mbernard.NivelTests;
				SDKROOT = iphoneos;
				TARGETED_DEVICE_FAMILY = "1,2";
				TEST_HOST = "$(BUILT_PRODUCTS_DIR)/Nivel.app/Nivel";
			};
			name = Release;
		};
		AA3B4CDE4446D043722CA44D /* Release */ = {
			isa = XCBuildConfiguration;
			buildSettings = {
				ASSETCATALOG_COMPILER_APPICON_NAME = AppIcon;
				CODE_SIGN_ENTITLEMENTS = App/Nivel.entitlements;
				CODE_SIGN_IDENTITY = "iPhone Developer";
				INFOPLIST_FILE = App/Info.plist;
				LD_RUNPATH_SEARCH_PATHS = (
					"$(inherited)",
					"@executable_path/Frameworks",
				);
				PRODUCT_BUNDLE_IDENTIFIER = fr.mbernard.Nivel;
				SDKROOT = iphoneos;
				TARGETED_DEVICE_FAMILY = "1,2";
			};
			name = Release;
		};
		B7FA16B7B1905B2626FF0FDD /* Debug */ = {
			isa = XCBuildConfiguration;
			buildSettings = {
				ALWAYS_SEARCH_USER_PATHS = NO;
				CLANG_ANALYZER_NONNULL = YES;
				CLANG_ANALYZER_NUMBER_OBJECT_CONVERSION = YES_AGGRESSIVE;
				CLANG_CXX_LANGUAGE_STANDARD = "gnu++14";
				CLANG_CXX_LIBRARY = "libc++";
				CLANG_ENABLE_MODULES = YES;
				CLANG_ENABLE_OBJC_ARC = YES;
				CLANG_ENABLE_OBJC_WEAK = YES;
				CLANG_WARN_BLOCK_CAPTURE_AUTORELEASING = YES;
				CLANG_WARN_BOOL_CONVERSION = YES;
				CLANG_WARN_COMMA = YES;
				CLANG_WARN_CONSTANT_CONVERSION = YES;
				CLANG_WARN_DEPRECATED_OBJC_IMPLEMENTATIONS = YES;
				CLANG_WARN_DIRECT_OBJC_ISA_USAGE = YES_ERROR;
				CLANG_WARN_DOCUMENTATION_COMMENTS = YES;
				CLANG_WARN_EMPTY_BODY = YES;
				CLANG_WARN_ENUM_CONVERSION = YES;
				CLANG_WARN_INFINITE_RECURSION = YES;
				CLANG_WARN_INT_CONVERSION = YES;
				CLANG_WARN_NON_LITERAL_NULL_CONVERSION = YES;
				CLANG_WARN_OBJC_IMPLICIT_RETAIN_SELF = YES;
				CLANG_WARN_OBJC_LITERAL_CONVERSION = YES;
				CLANG_WARN_OBJC_ROOT_CLASS = YES_ERROR;
				CLANG_WARN_QUOTED_INCLUDE_IN_FRAMEWORK_HEADER = YES;
				CLANG_WARN_RANGE_LOOP_ANALYSIS = YES;
				CLANG_WARN_STRICT_PROTOTYPES = YES;
				CLANG_WARN_SUSPICIOUS_MOVE = YES;
				CLANG_WARN_UNGUARDED_AVAILABILITY = YES_AGGRESSIVE;
				CLANG_WARN_UNREACHABLE_CODE = YES;
				CLANG_WARN__DUPLICATE_METHOD_MATCH = YES;
				COPY_PHASE_STRIP = NO;
				DEBUG_INFORMATION_FORMAT = dwarf;
				ENABLE_STRICT_OBJC_MSGSEND = YES;
				ENABLE_TESTABILITY = YES;
				GCC_C_LANGUAGE_STANDARD = gnu11;
				GCC_DYNAMIC_NO_PIC = NO;
				GCC_NO_COMMON_BLOCKS = YES;
				GCC_OPTIMIZATION_LEVEL = 0;
				GCC_PREPROCESSOR_DEFINITIONS = (
					"$(inherited)",
					"DEBUG=1",
				);
				GCC_WARN_64_TO_32_BIT_CONVERSION = YES;
				GCC_WARN_ABOUT_RETURN_TYPE = YES_ERROR;
				GCC_WARN_UNDECLARED_SELECTOR = YES;
				GCC_WARN_UNINITIALIZED_AUTOS = YES_AGGRESSIVE;
				GCC_WARN_UNUSED_FUNCTION = YES;
				GCC_WARN_UNUSED_VARIABLE = YES;
				IPHONEOS_DEPLOYMENT_TARGET = 17.0;
				MTL_ENABLE_DEBUG_INFO = INCLUDE_SOURCE;
				MTL_FAST_MATH = YES;
				ONLY_ACTIVE_ARCH = YES;
				PRODUCT_NAME = "$(TARGET_NAME)";
				SDKROOT = iphoneos;
				SWIFT_ACTIVE_COMPILATION_CONDITIONS = DEBUG;
				SWIFT_OPTIMIZATION_LEVEL = "-Onone";
				SWIFT_VERSION = 5.0;
			};
			name = Debug;
		};
		ED89C477EF75DF6C30B598E4 /* Debug */ = {
			isa = XCBuildConfiguration;
			buildSettings = {
				BUNDLE_LOADER = "$(TEST_HOST)";
				GENERATE_INFOPLIST_FILE = YES;
				LD_RUNPATH_SEARCH_PATHS = (
					"$(inherited)",
					"@executable_path/Frameworks",
					"@loader_path/Frameworks",
				);
				PRODUCT_BUNDLE_IDENTIFIER = fr.mbernard.NivelTests;
				SDKROOT = iphoneos;
				TARGETED_DEVICE_FAMILY = "1,2";
				TEST_HOST = "$(BUILT_PRODUCTS_DIR)/Nivel.app/Nivel";
			};
			name = Debug;
		};
/* End XCBuildConfiguration section */

/* Begin XCConfigurationList section */
		3197E686F23E9F45A269CDE6 /* Build configuration list for PBXNativeTarget "Nivel" */ = {
			isa = XCConfigurationList;
			buildConfigurations = (
				5B0F8DDC8C507B5E40FE63C2 /* Debug */,
				AA3B4CDE4446D043722CA44D /* Release */,
			);
			defaultConfigurationIsVisible = 0;
			defaultConfigurationName = Debug;
		};
		6D59E3BA22F6B18CD1F33C4D /* Build configuration list for PBXProject "Nivel" */ = {
			isa = XCConfigurationList;
			buildConfigurations = (
				B7FA16B7B1905B2626FF0FDD /* Debug */,
				57D9D36D439461EC8FA85191 /* Release */,
			);
			defaultConfigurationIsVisible = 0;
			defaultConfigurationName = Debug;
		};
		EF80D40966584D66EEABCDC3 /* Build configuration list for PBXNativeTarget "NivelTests" */ = {
			isa = XCConfigurationList;
			buildConfigurations = (
				ED89C477EF75DF6C30B598E4 /* Debug */,
				96F8A22F0A393B2B5FED0806 /* Release */,
			);
			defaultConfigurationIsVisible = 0;
			defaultConfigurationName = Debug;
		};
/* End XCConfigurationList section */

/* Begin XCLocalSwiftPackageReference section */
		7A9C36BC65A1C4D06724DB70 /* XCLocalSwiftPackageReference "NivelCore" */ = {
			isa = XCLocalSwiftPackageReference;
			relativePath = NivelCore;
		};
/* End XCLocalSwiftPackageReference section */

/* Begin XCSwiftPackageProductDependency section */
		B88CBBE48B3261367C1BD66E /* NivelCore */ = {
			isa = XCSwiftPackageProductDependency;
			productName = NivelCore;
		};
/* End XCSwiftPackageProductDependency section */
	};
	rootObject = 04E8B4E936966D5E7CBCE2A4 /* Project object */;
}
