// !$*UTF8*$!
{
	archiveVersion = 1;
	classes = {
	};
	objectVersion = 77;
	objects = {

/* Begin PBXBuildFile section */
		0E3F3E145790081DBCB96DFC /* StepsChart.swift in Sources */ = {isa = PBXBuildFile; fileRef = E59866C500AE8AE430E9AE18 /* StepsChart.swift */; };
		13007E67FB6C5D21D8A723AE /* NivelitoShapes.swift in Sources */ = {isa = PBXBuildFile; fileRef = 1EACEDF64B0B6576809396B1 /* NivelitoShapes.swift */; };
		13D330D2A60DD0F8D3900C60 /* DayCloser.swift in Sources */ = {isa = PBXBuildFile; fileRef = 7FD0D49D1E0B2314767BA85A /* DayCloser.swift */; };
		1B36CC033AB07BEB581D664D /* Theme.swift in Sources */ = {isa = PBXBuildFile; fileRef = 9782153DD5F0B9BABA5132F1 /* Theme.swift */; };
		391EAD8EC7FF0C0A74A634D5 /* NivelCore in Frameworks */ = {isa = PBXBuildFile; productRef = B88CBBE48B3261367C1BD66E /* NivelCore */; };
		43B794C252D4FF54C8BFAB8C /* HomeDashboardTests.swift in Sources */ = {isa = PBXBuildFile; fileRef = C5D7F6B85908405A6B6F609C /* HomeDashboardTests.swift */; };
		44E73F722094C06855E93916 /* SessionPlayerSheet.swift in Sources */ = {isa = PBXBuildFile; fileRef = 50D53BF008B271B611966D7C /* SessionPlayerSheet.swift */; };
		4CE4E454AA136D82709CEB76 /* ActivityLogSheet.swift in Sources */ = {isa = PBXBuildFile; fileRef = F98388DCCE812FDB6EB3F5D5 /* ActivityLogSheet.swift */; };
		4D8808457DFA6F3A174B20C3 /* SettingsView.swift in Sources */ = {isa = PBXBuildFile; fileRef = 848BA4571516E35FCEA2402D /* SettingsView.swift */; };
		53931F6D56ACB48CD78C092D /* Assets.xcassets in Resources */ = {isa = PBXBuildFile; fileRef = A6EDCC1A6BBE5494E9031FF3 /* Assets.xcassets */; };
		54786F0394B67DE901FD1C19 /* MealLogSheet.swift in Sources */ = {isa = PBXBuildFile; fileRef = 5A3D92F71CC93D99201C361E /* MealLogSheet.swift */; };
		54F0635AFE571DA500073C77 /* ThemeStoreTests.swift in Sources */ = {isa = PBXBuildFile; fileRef = 4D61F97EB25C7DADAAAED923 /* ThemeStoreTests.swift */; };
		57A40EADB63F64054A4795D7 /* CelebrationsHost.swift in Sources */ = {isa = PBXBuildFile; fileRef = 2333A9029C3BCBFBBF4FB976 /* CelebrationsHost.swift */; };
		5A40096E1BB5A7713251D5C1 /* NivelitoView.swift in Sources */ = {isa = PBXBuildFile; fileRef = C923A46DDC21834AB6E06D1B /* NivelitoView.swift */; };
		5A7B97883F447747C5AC4269 /* GameService+Sport.swift in Sources */ = {isa = PBXBuildFile; fileRef = 6909EF00448EC3D59E1F1401 /* GameService+Sport.swift */; };
		5B9E24C6742A771CA6A2B008 /* AppSmokeTests.swift in Sources */ = {isa = PBXBuildFile; fileRef = 67EB506351740B5EC992E309 /* AppSmokeTests.swift */; };
		61E2605647D0942C07D4ED9D /* SplashView.swift in Sources */ = {isa = PBXBuildFile; fileRef = 7900354E6B00D231F84DEFD2 /* SplashView.swift */; };
		6C70C4250E9621D0CEB183BB /* SessionPlayerTests.swift in Sources */ = {isa = PBXBuildFile; fileRef = E7E30CFE8A8CCC934374688F /* SessionPlayerTests.swift */; };
		6E6D79EE6AB41491A6FAEEA8 /* NivelApp.swift in Sources */ = {isa = PBXBuildFile; fileRef = 252E585F67D7801561AA6A8A /* NivelApp.swift */; };
		7188B6A5F0D1F64AA1F4A91F /* DayCloserTests.swift in Sources */ = {isa = PBXBuildFile; fileRef = C75615282503FC8044658A28 /* DayCloserTests.swift */; };
		75ADB553C3E21774DAF18E6A /* XPBar.swift in Sources */ = {isa = PBXBuildFile; fileRef = 02D37C5B43BABA7C97A669DA /* XPBar.swift */; };
		77B49E3992CE52CA8BD6F01A /* SportAssetsTests.swift in Sources */ = {isa = PBXBuildFile; fileRef = 586A1B038D76EC763A7DED99 /* SportAssetsTests.swift */; };
		7B7AB02CBD9C581DF46CF251 /* QuestsView.swift in Sources */ = {isa = PBXBuildFile; fileRef = DEB8CD41FD23E7C73BB3986B /* QuestsView.swift */; };
		83A569C9282E797637B0C790 /* HomeView.swift in Sources */ = {isa = PBXBuildFile; fileRef = A6D09557663FBEA7185F1839 /* HomeView.swift */; };
		846FB76C89B63E0E8EA18B9F /* SportServiceTests.swift in Sources */ = {isa = PBXBuildFile; fileRef = 2E79A5C4755FBC1F48C875DF /* SportServiceTests.swift */; };
		8F7261B03BB53E975D11918B /* SpeechBubble.swift in Sources */ = {isa = PBXBuildFile; fileRef = ABEDC772C4F515AF32D0B650 /* SpeechBubble.swift */; };
		8FF011930BD1D837FABD72BD /* WeightChart.swift in Sources */ = {isa = PBXBuildFile; fileRef = B96415D84EF698197C100E80 /* WeightChart.swift */; };
		93AED358242CE2BD999D1419 /* SportView.swift in Sources */ = {isa = PBXBuildFile; fileRef = 4542B7EDA424C2DF0AF4CD23 /* SportView.swift */; };
		98FFD55FB53DB28F24DFA336 /* PersistentModels.swift in Sources */ = {isa = PBXBuildFile; fileRef = 2EABBAD095DB88DF009C167B /* PersistentModels.swift */; };
		9AAC11CD2DCE67EF87514452 /* GameServiceTests.swift in Sources */ = {isa = PBXBuildFile; fileRef = EA9815E4BFFB49808FA9B128 /* GameServiceTests.swift */; };
		A8F3FF34B7D7CB7770F78CDF /* SportIllustration.swift in Sources */ = {isa = PBXBuildFile; fileRef = A8FFFFAF3CE543D7BDA7BAB9 /* SportIllustration.swift */; };
		AC058589EEDA0F462DF1730B /* LevelUpView.swift in Sources */ = {isa = PBXBuildFile; fileRef = C6B269DD24BE6B62E7DD967A /* LevelUpView.swift */; };
		CA44B39964325597C05E92A6 /* RootView.swift in Sources */ = {isa = PBXBuildFile; fileRef = 671D6B6E3581A479FFED40C2 /* RootView.swift */; };
		CCA2B60504058665BBC05DF7 /* StatCard.swift in Sources */ = {isa = PBXBuildFile; fileRef = D9245CF3C47048DB9D88C2E5 /* StatCard.swift */; };
		D1BD49D8E5F9A80EF5BA6E15 /* ProgressScreen.swift in Sources */ = {isa = PBXBuildFile; fileRef = 0EC47BA19967A4B2085299D7 /* ProgressScreen.swift */; };
		D4DBCCCBE3F53C8F8882CC95 /* NotificationService.swift in Sources */ = {isa = PBXBuildFile; fileRef = B1E734571AD23AE4CDC74D01 /* NotificationService.swift */; };
		DAAD239CC8C1DACA809A05DF /* OnboardingFlow.swift in Sources */ = {isa = PBXBuildFile; fileRef = 16A07EB6FBC6FCF23B97D21B /* OnboardingFlow.swift */; };
		DBA75C60C34D6D51CBD43CF2 /* CalorieRing.swift in Sources */ = {isa = PBXBuildFile; fileRef = BCBB38120226BC151CACEE2B /* CalorieRing.swift */; };
		E16F69EA211C733A1361FF9B /* CaloriesChart.swift in Sources */ = {isa = PBXBuildFile; fileRef = DEA9C805AF5775DBC7B1116A /* CaloriesChart.swift */; };
		E9E07644DA5B531E655EFC74 /* WeighInSheet.swift in Sources */ = {isa = PBXBuildFile; fileRef = 079075DA2E6A1C77564F067B /* WeighInSheet.swift */; };
		ECBE1CB18EBCE075EFFAE24B /* MealsJournalView.swift in Sources */ = {isa = PBXBuildFile; fileRef = A694B98073276CD2FA798820 /* MealsJournalView.swift */; };
		ED5AFB7FD6AEF575784BC71B /* DailySessionCard.swift in Sources */ = {isa = PBXBuildFile; fileRef = 7C31C4F7D1AD90033A56B5C9 /* DailySessionCard.swift */; };
		FDCB8202104609DE46003A7A /* GameService.swift in Sources */ = {isa = PBXBuildFile; fileRef = 6A1F6969B88BCA1A9BE77195 /* GameService.swift */; };
		FF12E9FD2218E9B1A09DFA9A /* HealthKitService.swift in Sources */ = {isa = PBXBuildFile; fileRef = 2749E47DBFD2A5D89042A89E /* HealthKitService.swift */; };
/* End PBXBuildFile section */

/* Begin PBXContainerItemProxy section */
		CB5119286F40B24428A37ADF /* PBXContainerItemProxy */ = {
			isa = PBXContainerItemProxy;
			containerPortal = 04E8B4E936966D5E7CBCE2A4 /* Project object */;
			proxyType = 1;
			remoteGlobalIDString = 75F9E279A12A830E33238A0B;
			remoteInfo = Nivel;
		};
/* End PBXContainerItemProxy section */

/* Begin PBXFileReference section */
		02D37C5B43BABA7C97A669DA /* XPBar.swift */ = {isa = PBXFileReference; lastKnownFileType = sourcecode.swift; path = XPBar.swift; sourceTree = "<group>"; };
		079075DA2E6A1C77564F067B /* WeighInSheet.swift */ = {isa = PBXFileReference; lastKnownFileType = sourcecode.swift; path = WeighInSheet.swift; sourceTree = "<group>"; };
		0EC47BA19967A4B2085299D7 /* ProgressScreen.swift */ = {isa = PBXFileReference; lastKnownFileType = sourcecode.swift; path = ProgressScreen.swift; sourceTree = "<group>"; };
		16A07EB6FBC6FCF23B97D21B /* OnboardingFlow.swift */ = {isa = PBXFileReference; lastKnownFileType = sourcecode.swift; path = OnboardingFlow.swift; sourceTree = "<group>"; };
		1B870793FACF92E8A3EC300C /* Nivel.entitlements */ = {isa = PBXFileReference; lastKnownFileType = text.plist.entitlements; path = Nivel.entitlements; sourceTree = "<group>"; };
		1EACEDF64B0B6576809396B1 /* NivelitoShapes.swift */ = {isa = PBXFileReference; lastKnownFileType = sourcecode.swift; path = NivelitoShapes.swift; sourceTree = "<group>"; };
		2333A9029C3BCBFBBF4FB976 /* CelebrationsHost.swift */ = {isa = PBXFileReference; lastKnownFileType = sourcecode.swift; path = CelebrationsHost.swift; sourceTree = "<group>"; };
		252E585F67D7801561AA6A8A /* NivelApp.swift */ = {isa = PBXFileReference; lastKnownFileType = sourcecode.swift; path = NivelApp.swift; sourceTree = "<group>"; };
		2749E47DBFD2A5D89042A89E /* HealthKitService.swift */ = {isa = PBXFileReference; lastKnownFileType = sourcecode.swift; path = HealthKitService.swift; sourceTree = "<group>"; };
		2E79A5C4755FBC1F48C875DF /* SportServiceTests.swift */ = {isa = PBXFileReference; lastKnownFileType = sourcecode.swift; path = SportServiceTests.swift; sourceTree = "<group>"; };
		2EABBAD095DB88DF009C167B /* PersistentModels.swift */ = {isa = PBXFileReference; lastKnownFileType = sourcecode.swift; path = PersistentModels.swift; sourceTree = "<group>"; };
		34F99A2EA3F3B3FD6B5FB4AB /* Info.plist */ = {isa = PBXFileReference; lastKnownFileType = text.plist; path = Info.plist; sourceTree = "<group>"; };
		4542B7EDA424C2DF0AF4CD23 /* SportView.swift */ = {isa = PBXFileReference; lastKnownFileType = sourcecode.swift; path = SportView.swift; sourceTree = "<group>"; };
		458C2EFDE5A8833EB80D2F5C /* Nivel.app */ = {isa = PBXFileReference; includeInIndex = 0; lastKnownFileType = wrapper.application; path = Nivel.app; sourceTree = BUILT_PRODUCTS_DIR; };
		4D61F97EB25C7DADAAAED923 /* ThemeStoreTests.swift */ = {isa = PBXFileReference; lastKnownFileType = sourcecode.swift; path = ThemeStoreTests.swift; sourceTree = "<group>"; };
		50D53BF008B271B611966D7C /* SessionPlayerSheet.swift */ = {isa = PBXFileReference; lastKnownFileType = sourcecode.swift; path = SessionPlayerSheet.swift; sourceTree = "<group>"; };
		586A1B038D76EC763A7DED99 /* SportAssetsTests.swift */ = {isa = PBXFileReference; lastKnownFileType = sourcecode.swift; path = SportAssetsTests.swift; sourceTree = "<group>"; };
		5A3D92F71CC93D99201C361E /* MealLogSheet.swift */ = {isa = PBXFileReference; lastKnownFileType = sourcecode.swift; path = MealLogSheet.swift; sourceTree = "<group>"; };
		671D6B6E3581A479FFED40C2 /* RootView.swift */ = {isa = PBXFileReference; lastKnownFileType = sourcecode.swift; path = RootView.swift; sourceTree = "<group>"; };
		67EB506351740B5EC992E309 /* AppSmokeTests.swift */ = {isa = PBXFileReference; lastKnownFileType = sourcecode.swift; path = AppSmokeTests.swift; sourceTree = "<group>"; };
		6909EF00448EC3D59E1F1401 /* GameService+Sport.swift */ = {isa = PBXFileReference; lastKnownFileType = sourcecode.swift; path = "GameService+Sport.swift"; sourceTree = "<group>"; };
		6A1F6969B88BCA1A9BE77195 /* GameService.swift */ = {isa = PBXFileReference; lastKnownFileType = sourcecode.swift; path = GameService.swift; sourceTree = "<group>"; };
		7900354E6B00D231F84DEFD2 /* SplashView.swift */ = {isa = PBXFileReference; lastKnownFileType = sourcecode.swift; path = SplashView.swift; sourceTree = "<group>"; };
		7C31C4F7D1AD90033A56B5C9 /* DailySessionCard.swift */ = {isa = PBXFileReference; lastKnownFileType = sourcecode.swift; path = DailySessionCard.swift; sourceTree = "<group>"; };
		7FD0D49D1E0B2314767BA85A /* DayCloser.swift */ = {isa = PBXFileReference; lastKnownFileType = sourcecode.swift; path = DayCloser.swift; sourceTree = "<group>"; };
		83A4DCCA0A5474334D59C73C /* NivelCore */ = {isa = PBXFileReference; lastKnownFileType = folder; name = NivelCore; path = NivelCore; sourceTree = SOURCE_ROOT; };
		848BA4571516E35FCEA2402D /* SettingsView.swift */ = {isa = PBXFileReference; lastKnownFileType = sourcecode.swift; path = SettingsView.swift; sourceTree = "<group>"; };
		9782153DD5F0B9BABA5132F1 /* Theme.swift */ = {isa = PBXFileReference; lastKnownFileType = sourcecode.swift; path = Theme.swift; sourceTree = "<group>"; };
		A694B98073276CD2FA798820 /* MealsJournalView.swift */ = {isa = PBXFileReference; lastKnownFileType = sourcecode.swift; path = MealsJournalView.swift; sourceTree = "<group>"; };
		A6D09557663FBEA7185F1839 /* HomeView.swift */ = {isa = PBXFileReference; lastKnownFileType = sourcecode.swift; path = HomeView.swift; sourceTree = "<group>"; };
		A6EDCC1A6BBE5494E9031FF3 /* Assets.xcassets */ = {isa = PBXFileReference; lastKnownFileType = folder.assetcatalog; path = Assets.xcassets; sourceTree = "<group>"; };
		A8FFFFAF3CE543D7BDA7BAB9 /* SportIllustration.swift */ = {isa = PBXFileReference; lastKnownFileType = sourcecode.swift; path = SportIllustration.swift; sourceTree = "<group>"; };
		ABEDC772C4F515AF32D0B650 /* SpeechBubble.swift */ = {isa = PBXFileReference; lastKnownFileType = sourcecode.swift; path = SpeechBubble.swift; sourceTree = "<group>"; };
		B1E734571AD23AE4CDC74D01 /* NotificationService.swift */ = {isa = PBXFileReference; lastKnownFileType = sourcecode.swift; path = NotificationService.swift; sourceTree = "<group>"; };
		B96415D84EF698197C100E80 /* WeightChart.swift */ = {isa = PBXFileReference; lastKnownFileType = sourcecode.swift; path = WeightChart.swift; sourceTree = "<group>"; };
		BCBB38120226BC151CACEE2B /* CalorieRing.swift */ = {isa = PBXFileReference; lastKnownFileType = sourcecode.swift; path = CalorieRing.swift; sourceTree = "<group>"; };
		C5D7F6B85908405A6B6F609C /* HomeDashboardTests.swift */ = {isa = PBXFileReference; lastKnownFileType = sourcecode.swift; path = HomeDashboardTests.swift; sourceTree = "<group>"; };
		C6B269DD24BE6B62E7DD967A /* LevelUpView.swift */ = {isa = PBXFileReference; lastKnownFileType = sourcecode.swift; path = LevelUpView.swift; sourceTree = "<group>"; };
		C75615282503FC8044658A28 /* DayCloserTests.swift */ = {isa = PBXFileReference; lastKnownFileType = sourcecode.swift; path = DayCloserTests.swift; sourceTree = "<group>"; };
		C923A46DDC21834AB6E06D1B /* NivelitoView.swift */ = {isa = PBXFileReference; lastKnownFileType = sourcecode.swift; path = NivelitoView.swift; sourceTree = "<group>"; };
		C9AB33328B42B0A39E65B608 /* NivelTests.xctest */ = {isa = PBXFileReference; includeInIndex = 0; lastKnownFileType = wrapper.cfbundle; path = NivelTests.xctest; sourceTree = BUILT_PRODUCTS_DIR; };
		D9245CF3C47048DB9D88C2E5 /* StatCard.swift */ = {isa = PBXFileReference; lastKnownFileType = sourcecode.swift; path = StatCard.swift; sourceTree = "<group>"; };
		DEA9C805AF5775DBC7B1116A /* CaloriesChart.swift */ = {isa = PBXFileReference; lastKnownFileType = sourcecode.swift; path = CaloriesChart.swift; sourceTree = "<group>"; };
		DEB8CD41FD23E7C73BB3986B /* QuestsView.swift */ = {isa = PBXFileReference; lastKnownFileType = sourcecode.swift; path = QuestsView.swift; sourceTree = "<group>"; };
		E59866C500AE8AE430E9AE18 /* StepsChart.swift */ = {isa = PBXFileReference; lastKnownFileType = sourcecode.swift; path = StepsChart.swift; sourceTree = "<group>"; };
		E7E30CFE8A8CCC934374688F /* SessionPlayerTests.swift */ = {isa = PBXFileReference; lastKnownFileType = sourcecode.swift; path = SessionPlayerTests.swift; sourceTree = "<group>"; };
		EA9815E4BFFB49808FA9B128 /* GameServiceTests.swift */ = {isa = PBXFileReference; lastKnownFileType = sourcecode.swift; path = GameServiceTests.swift; sourceTree = "<group>"; };
		F98388DCCE812FDB6EB3F5D5 /* ActivityLogSheet.swift */ = {isa = PBXFileReference; lastKnownFileType = sourcecode.swift; path = ActivityLogSheet.swift; sourceTree = "<group>"; };
/* End PBXFileReference section */

/* Begin PBXFrameworksBuildPhase section */
		D58D6C950BD27C805AE3E732 /* Frameworks */ = {
			isa = PBXFrameworksBuildPhase;
			buildActionMask = 2147483647;
			files = (
				391EAD8EC7FF0C0A74A634D5 /* NivelCore in Frameworks */,
			);
			runOnlyForDeploymentPostprocessing = 0;
		};
/* End PBXFrameworksBuildPhase section */

/* Begin PBXGroup section */
		052330B4B681C6D505AEDE64 /* Sport */ = {
			isa = PBXGroup;
			children = (
				F98388DCCE812FDB6EB3F5D5 /* ActivityLogSheet.swift */,
				7C31C4F7D1AD90033A56B5C9 /* DailySessionCard.swift */,
				50D53BF008B271B611966D7C /* SessionPlayerSheet.swift */,
				A8FFFFAF3CE543D7BDA7BAB9 /* SportIllustration.swift */,
				4542B7EDA424C2DF0AF4CD23 /* SportView.swift */,
			);
			path = Sport;
			sourceTree = "<group>";
		};
		0B4F6F76ABBD14348F01E9E5 /* Progress */ = {
			isa = PBXGroup;
			children = (
				DEA9C805AF5775DBC7B1116A /* CaloriesChart.swift */,
				0EC47BA19967A4B2085299D7 /* ProgressScreen.swift */,
				E59866C500AE8AE430E9AE18 /* StepsChart.swift */,
				079075DA2E6A1C77564F067B /* WeighInSheet.swift */,
				B96415D84EF698197C100E80 /* WeightChart.swift */,
			);
			path = Progress;
			sourceTree = "<group>";
		};
		1650BF6569EF9968A290ED20 /* Views */ = {
			isa = PBXGroup;
			children = (
				8EC26C277A243F8A9AFC391B /* Celebrations */,
				D6279C142D197187DA27FC89 /* Home */,
				F0105491AB027C5B9444D071 /* Meals */,
				C11BEB0DAAA03380C6ACF16B /* Onboarding */,
				0B4F6F76ABBD14348F01E9E5 /* Progress */,
				6D8B05E92C0C472AB7A4E3AA /* Quests */,
				3CCABC2F326C552D11C59080 /* Settings */,
				C3990C32BFA134E789BE524D /* Splash */,
				052330B4B681C6D505AEDE64 /* Sport */,
			);
			path = Views;
			sourceTree = "<group>";
		};
		3086EF3E7FB64FB4B497C1C6 /* Packages */ = {
			isa = PBXGroup;
			children = (
				83A4DCCA0A5474334D59C73C /* NivelCore */,
			);
			name = Packages;
			sourceTree = "<group>";
		};
		3CCABC2F326C552D11C59080 /* Settings */ = {
			isa = PBXGroup;
			children = (
				848BA4571516E35FCEA2402D /* SettingsView.swift */,
			);
			path = Settings;
			sourceTree = "<group>";
		};
		55F522696164C90847F50AEC /* Services */ = {
			isa = PBXGroup;
			children = (
				7FD0D49D1E0B2314767BA85A /* DayCloser.swift */,
				6A1F6969B88BCA1A9BE77195 /* GameService.swift */,
				6909EF00448EC3D59E1F1401 /* GameService+Sport.swift */,
				2749E47DBFD2A5D89042A89E /* HealthKitService.swift */,
				B1E734571AD23AE4CDC74D01 /* NotificationService.swift */,
			);
			path = Services;
			sourceTree = "<group>";
		};
		63F7EE8FCCFE2E88E9C06023 /* Models */ = {
			isa = PBXGroup;
			children = (
				2EABBAD095DB88DF009C167B /* PersistentModels.swift */,
			);
			path = Models;
			sourceTree = "<group>";
		};
		6C7D7F98C985D3F16E437E6C /* App */ = {
			isa = PBXGroup;
			children = (
				A6EDCC1A6BBE5494E9031FF3 /* Assets.xcassets */,
				34F99A2EA3F3B3FD6B5FB4AB /* Info.plist */,
				1B870793FACF92E8A3EC300C /* Nivel.entitlements */,
				252E585F67D7801561AA6A8A /* NivelApp.swift */,
				671D6B6E3581A479FFED40C2 /* RootView.swift */,
				9782153DD5F0B9BABA5132F1 /* Theme.swift */,
				63F7EE8FCCFE2E88E9C06023 /* Models */,
				F69825F0205D2F6823977A1F /* Nivelito */,
				55F522696164C90847F50AEC /* Services */,
				1650BF6569EF9968A290ED20 /* Views */,
			);
			path = App;
			sourceTree = "<group>";
		};
		6D8B05E92C0C472AB7A4E3AA /* Quests */ = {
			isa = PBXGroup;
			children = (
				DEB8CD41FD23E7C73BB3986B /* QuestsView.swift */,
			);
			path = Quests;
			sourceTree = "<group>";
		};
		8EC26C277A243F8A9AFC391B /* Celebrations */ = {
			isa = PBXGroup;
			children = (
				2333A9029C3BCBFBBF4FB976 /* CelebrationsHost.swift */,
				C6B269DD24BE6B62E7DD967A /* LevelUpView.swift */,
			);
			path = Celebrations;
			sourceTree = "<group>";
		};
		BFF6958B815AC1E48D671C2E = {
			isa = PBXGroup;
			children = (
				6C7D7F98C985D3F16E437E6C /* App */,
				D148F81EC70A7990945C04A7 /* NivelTests */,
				3086EF3E7FB64FB4B497C1C6 /* Packages */,
				D7AB301520ABEA23F8475A93 /* Products */,
			);
			sourceTree = "<group>";
		};
		C11BEB0DAAA03380C6ACF16B /* Onboarding */ = {
			isa = PBXGroup;
			children = (
				16A07EB6FBC6FCF23B97D21B /* OnboardingFlow.swift */,
			);
			path = Onboarding;
			sourceTree = "<group>";
		};
		C3990C32BFA134E789BE524D /* Splash */ = {
			isa = PBXGroup;
			children = (
				7900354E6B00D231F84DEFD2 /* SplashView.swift */,
			);
			path = Splash;
			sourceTree = "<group>";
		};
		D148F81EC70A7990945C04A7 /* NivelTests */ = {
			isa = PBXGroup;
			children = (
				67EB506351740B5EC992E309 /* AppSmokeTests.swift */,
				C75615282503FC8044658A28 /* DayCloserTests.swift */,
				EA9815E4BFFB49808FA9B128 /* GameServiceTests.swift */,
				C5D7F6B85908405A6B6F609C /* HomeDashboardTests.swift */,
				E7E30CFE8A8CCC934374688F /* SessionPlayerTests.swift */,
				586A1B038D76EC763A7DED99 /* SportAssetsTests.swift */,
				2E79A5C4755FBC1F48C875DF /* SportServiceTests.swift */,
				4D61F97EB25C7DADAAAED923 /* ThemeStoreTests.swift */,
			);
			path = NivelTests;
			sourceTree = "<group>";
		};
		D6279C142D197187DA27FC89 /* Home */ = {
			isa = PBXGroup;
			children = (
				BCBB38120226BC151CACEE2B /* CalorieRing.swift */,
				A6D09557663FBEA7185F1839 /* HomeView.swift */,
				D9245CF3C47048DB9D88C2E5 /* StatCard.swift */,
				02D37C5B43BABA7C97A669DA /* XPBar.swift */,
			);
			path = Home;
			sourceTree = "<group>";
		};
		D7AB301520ABEA23F8475A93 /* Products */ = {
			isa = PBXGroup;
			children = (
				458C2EFDE5A8833EB80D2F5C /* Nivel.app */,
				C9AB33328B42B0A39E65B608 /* NivelTests.xctest */,
			);
			name = Products;
			sourceTree = "<group>";
		};
		F0105491AB027C5B9444D071 /* Meals */ = {
			isa = PBXGroup;
			children = (
				5A3D92F71CC93D99201C361E /* MealLogSheet.swift */,
				A694B98073276CD2FA798820 /* MealsJournalView.swift */,
			);
			path = Meals;
			sourceTree = "<group>";
		};
		F69825F0205D2F6823977A1F /* Nivelito */ = {
			isa = PBXGroup;
			children = (
				1EACEDF64B0B6576809396B1 /* NivelitoShapes.swift */,
				C923A46DDC21834AB6E06D1B /* NivelitoView.swift */,
				ABEDC772C4F515AF32D0B650 /* SpeechBubble.swift */,
			);
			path = Nivelito;
			sourceTree = "<group>";
		};
/* End PBXGroup section */

/* Begin PBXNativeTarget section */
		75F9E279A12A830E33238A0B /* Nivel */ = {
			isa = PBXNativeTarget;
			buildConfigurationList = 3197E686F23E9F45A269CDE6 /* Build configuration list for PBXNativeTarget "Nivel" */;
			buildPhases = (
				16393D940E29D85B066DC4BC /* Sources */,
				135C90D892911A980C9F51AF /* Resources */,
				D58D6C950BD27C805AE3E732 /* Frameworks */,
			);
			buildRules = (
			);
			dependencies = (
			);
			name = Nivel;
			packageProductDependencies = (
				B88CBBE48B3261367C1BD66E /* NivelCore */,
			);
			productName = Nivel;
			productReference = 458C2EFDE5A8833EB80D2F5C /* Nivel.app */;
			productType = "com.apple.product-type.application";
		};
		8FDBDF29CEF0DF64A2106A52 /* NivelTests */ = {
			isa = PBXNativeTarget;
			buildConfigurationList = EF80D40966584D66EEABCDC3 /* Build configuration list for PBXNativeTarget "NivelTests" */;
			buildPhases = (
				A033EE4E1D5B9DB6AF2E1A42 /* Sources */,
			);
			buildRules = (
			);
			dependencies = (
				35B177CC73F05313AF815BF0 /* PBXTargetDependency */,
			);
			name = NivelTests;
			packageProductDependencies = (
			);
			productName = NivelTests;
			productReference = C9AB33328B42B0A39E65B608 /* NivelTests.xctest */;
			productType = "com.apple.product-type.bundle.unit-test";
		};
/* End PBXNativeTarget section */

/* Begin PBXProject section */
		04E8B4E936966D5E7CBCE2A4 /* Project object */ = {
			isa = PBXProject;
			attributes = {
				BuildIndependentTargetsInParallel = YES;
				LastUpgradeCheck = 1430;
				TargetAttributes = {
					75F9E279A12A830E33238A0B = {
						DevelopmentTeam = 5V52773QN3;
					};
				};
			};
			buildConfigurationList = 6D59E3BA22F6B18CD1F33C4D /* Build configuration list for PBXProject "Nivel" */;
			developmentRegion = en;
			hasScannedForEncodings = 0;
			knownRegions = (
				Base,
				en,
			);
			mainGroup = BFF6958B815AC1E48D671C2E;
			minimizedProjectReferenceProxies = 1;
			packageReferences = (
				7A9C36BC65A1C4D06724DB70 /* XCLocalSwiftPackageReference "NivelCore" */,
			);
			preferredProjectObjectVersion = 77;
			productRefGroup = D7AB301520ABEA23F8475A93 /* Products */;
			projectDirPath = "";
			projectRoot = "";
			targets = (
				75F9E279A12A830E33238A0B /* Nivel */,
				8FDBDF29CEF0DF64A2106A52 /* NivelTests */,
			);
		};
/* End PBXProject section */

/* Begin PBXResourcesBuildPhase section */
		135C90D892911A980C9F51AF /* Resources */ = {
			isa = PBXResourcesBuildPhase;
			buildActionMask = 2147483647;
			files = (
				53931F6D56ACB48CD78C092D /* Assets.xcassets in Resources */,
			);
			runOnlyForDeploymentPostprocessing = 0;
		};
/* End PBXResourcesBuildPhase section */

/* Begin PBXSourcesBuildPhase section */
		16393D940E29D85B066DC4BC /* Sources */ = {
			isa = PBXSourcesBuildPhase;
			buildActionMask = 2147483647;
			files = (
				4CE4E454AA136D82709CEB76 /* ActivityLogSheet.swift in Sources */,
				DBA75C60C34D6D51CBD43CF2 /* CalorieRing.swift in Sources */,
				E16F69EA211C733A1361FF9B /* CaloriesChart.swift in Sources */,
				57A40EADB63F64054A4795D7 /* CelebrationsHost.swift in Sources */,
				ED5AFB7FD6AEF575784BC71B /* DailySessionCard.swift in Sources */,
				13D330D2A60DD0F8D3900C60 /* DayCloser.swift in Sources */,
				5A7B97883F447747C5AC4269 /* GameService+Sport.swift in Sources */,
				FDCB8202104609DE46003A7A /* GameService.swift in Sources */,
				FF12E9FD2218E9B1A09DFA9A /* HealthKitService.swift in Sources */,
				83A569C9282E797637B0C790 /* HomeView.swift in Sources */,
				AC058589EEDA0F462DF1730B /* LevelUpView.swift in Sources */,
				54786F0394B67DE901FD1C19 /* MealLogSheet.swift in Sources */,
				ECBE1CB18EBCE075EFFAE24B /* MealsJournalView.swift in Sources */,
				6E6D79EE6AB41491A6FAEEA8 /* NivelApp.swift in Sources */,
				13007E67FB6C5D21D8A723AE /* NivelitoShapes.swift in Sources */,
				5A40096E1BB5A7713251D5C1 /* NivelitoView.swift in Sources */,
				D4DBCCCBE3F53C8F8882CC95 /* NotificationService.swift in Sources */,
				DAAD239CC8C1DACA809A05DF /* OnboardingFlow.swift in Sources */,
				98FFD55FB53DB28F24DFA336 /* PersistentModels.swift in Sources */,
				D1BD49D8E5F9A80EF5BA6E15 /* ProgressScreen.swift in Sources */,
				7B7AB02CBD9C581DF46CF251 /* QuestsView.swift in Sources */,
				CA44B39964325597C05E92A6 /* RootView.swift in Sources */,
				44E73F722094C06855E93916 /* SessionPlayerSheet.swift in Sources */,
				4D8808457DFA6F3A174B20C3 /* SettingsView.swift in Sources */,
				8F7261B03BB53E975D11918B /* SpeechBubble.swift in Sources */,
				61E2605647D0942C07D4ED9D /* SplashView.swift in Sources */,
				A8F3FF34B7D7CB7770F78CDF /* SportIllustration.swift in Sources */,
				93AED358242CE2BD999D1419 /* SportView.swift in Sources */,
				CCA2B60504058665BBC05DF7 /* StatCard.swift in Sources */,
				0E3F3E145790081DBCB96DFC /* StepsChart.swift in Sources */,
				1B36CC033AB07BEB581D664D /* Theme.swift in Sources */,
				E9E07644DA5B531E655EFC74 /* WeighInSheet.swift in Sources */,
				8FF011930BD1D837FABD72BD /* WeightChart.swift in Sources */,
				75ADB553C3E21774DAF18E6A /* XPBar.swift in Sources */,
			);
			runOnlyForDeploymentPostprocessing = 0;
		};
		A033EE4E1D5B9DB6AF2E1A42 /* Sources */ = {
			isa = PBXSourcesBuildPhase;
			buildActionMask = 2147483647;
			files = (
				5B9E24C6742A771CA6A2B008 /* AppSmokeTests.swift in Sources */,
				7188B6A5F0D1F64AA1F4A91F /* DayCloserTests.swift in Sources */,
				9AAC11CD2DCE67EF87514452 /* GameServiceTests.swift in Sources */,
				43B794C252D4FF54C8BFAB8C /* HomeDashboardTests.swift in Sources */,
				6C70C4250E9621D0CEB183BB /* SessionPlayerTests.swift in Sources */,
				77B49E3992CE52CA8BD6F01A /* SportAssetsTests.swift in Sources */,
				846FB76C89B63E0E8EA18B9F /* SportServiceTests.swift in Sources */,
				54F0635AFE571DA500073C77 /* ThemeStoreTests.swift in Sources */,
			);
			runOnlyForDeploymentPostprocessing = 0;
		};
/* End PBXSourcesBuildPhase section */

/* Begin PBXTargetDependency section */
		35B177CC73F05313AF815BF0 /* PBXTargetDependency */ = {
			isa = PBXTargetDependency;
			target = 75F9E279A12A830E33238A0B /* Nivel */;
			targetProxy = CB5119286F40B24428A37ADF /* PBXContainerItemProxy */;
		};
/* End PBXTargetDependency section */

/* Begin XCBuildConfiguration section */
		57D9D36D439461EC8FA85191 /* Release */ = {
			isa = XCBuildConfiguration;
			buildSettings = {
				ALWAYS_SEARCH_USER_PATHS = NO;
				CLANG_ANALYZER_NONNULL = YES;
				CLANG_ANALYZER_NUMBER_OBJECT_CONVERSION = YES_AGGRESSIVE;
				CLANG_CXX_LANGUAGE_STANDARD = "gnu++14";
				CLANG_CXX_LIBRARY = "libc++";
				CLANG_ENABLE_MODULES = YES;
				CLANG_ENABLE_OBJC_ARC = YES;
				CLANG_ENABLE_OBJC_WEAK = YES;
				CLANG_WARN_BLOCK_CAPTURE_AUTORELEASING = YES;
				CLANG_WARN_BOOL_CONVERSION = YES;
				CLANG_WARN_COMMA = YES;
				CLANG_WARN_CONSTANT_CONVERSION = YES;
				CLANG_WARN_DEPRECATED_OBJC_IMPLEMENTATIONS = YES;
				CLANG_WARN_DIRECT_OBJC_ISA_USAGE = YES_ERROR;
				CLANG_WARN_DOCUMENTATION_COMMENTS = YES;
				CLANG_WARN_EMPTY_BODY = YES;
				CLANG_WARN_ENUM_CONVERSION = YES;
				CLANG_WARN_INFINITE_RECURSION = YES;
				CLANG_WARN_INT_CONVERSION = YES;
				CLANG_WARN_NON_LITERAL_NULL_CONVERSION = YES;
				CLANG_WARN_OBJC_IMPLICIT_RETAIN_SELF = YES;
				CLANG_WARN_OBJC_LITERAL_CONVERSION = YES;
				CLANG_WARN_OBJC_ROOT_CLASS = YES_ERROR;
				CLANG_WARN_QUOTED_INCLUDE_IN_FRAMEWORK_HEADER = YES;
				CLANG_WARN_RANGE_LOOP_ANALYSIS = YES;
				CLANG_WARN_STRICT_PROTOTYPES = YES;
				CLANG_WARN_SUSPICIOUS_MOVE = YES;
				CLANG_WARN_UNGUARDED_AVAILABILITY = YES_AGGRESSIVE;
				CLANG_WARN_UNREACHABLE_CODE = YES;
				CLANG_WARN__DUPLICATE_METHOD_MATCH = YES;
				COPY_PHASE_STRIP = NO;
				DEBUG_INFORMATION_FORMAT = "dwarf-with-dsym";
				ENABLE_NS_ASSERTIONS = NO;
				ENABLE_STRICT_OBJC_MSGSEND = YES;
				GCC_C_LANGUAGE_STANDARD = gnu11;
				GCC_NO_COMMON_BLOCKS = YES;
				GCC_WARN_64_TO_32_BIT_CONVERSION = YES;
				GCC_WARN_ABOUT_RETURN_TYPE = YES_ERROR;
				GCC_WARN_UNDECLARED_SELECTOR = YES;
				GCC_WARN_UNINITIALIZED_AUTOS = YES_AGGRESSIVE;
				GCC_WARN_UNUSED_FUNCTION = YES;
				GCC_WARN_UNUSED_VARIABLE = YES;
				IPHONEOS_DEPLOYMENT_TARGET = 17.0;
				MTL_ENABLE_DEBUG_INFO = NO;
				MTL_FAST_MATH = YES;
				PRODUCT_NAME = "$(TARGET_NAME)";
				SDKROOT = iphoneos;
				SWIFT_COMPILATION_MODE = wholemodule;
				SWIFT_OPTIMIZATION_LEVEL = "-O";
				SWIFT_VERSION = 5.0;
			};
			name = Release;
		};
		5B0F8DDC8C507B5E40FE63C2 /* Debug */ = {
			isa = XCBuildConfiguration;
			buildSettings = {
				ASSETCATALOG_COMPILER_APPICON_NAME = AppIcon;
				CODE_SIGN_ENTITLEMENTS = App/Nivel.entitlements;
				CODE_SIGN_IDENTITY = "iPhone Developer";
				DEVELOPMENT_TEAM = 5V52773QN3;
				INFOPLIST_FILE = App/Info.plist;
				INFOPLIST_KEY_LSApplicationCategoryType = "public.app-category.healthcare-fitness";
				LD_RUNPATH_SEARCH_PATHS = (
					"$(inherited)",
					"@executable_path/Frameworks",
				);
				PRODUCT_BUNDLE_IDENTIFIER = fr.mbernard.Nivel;
				SDKROOT = iphoneos;
				TARGETED_DEVICE_FAMILY = "1,2";
			};
			name = Debug;
		};
		96F8A22F0A393B2B5FED0806 /* Release */ = {
			isa = XCBuildConfiguration;
			buildSettings = {
				BUNDLE_LOADER = "$(TEST_HOST)";
				GENERATE_INFOPLIST_FILE = YES;
				LD_RUNPATH_SEARCH_PATHS = (
					"$(inherited)",
					"@executable_path/Frameworks",
					"@loader_path/Frameworks",
				);
				PRODUCT_BUNDLE_IDENTIFIER = fr.mbernard.NivelTests;
				SDKROOT = iphoneos;
				TARGETED_DEVICE_FAMILY = "1,2";
				TEST_HOST = "$(BUILT_PRODUCTS_DIR)/Nivel.app/Nivel";
			};
			name = Release;
		};
		AA3B4CDE4446D043722CA44D /* Release */ = {
			isa = XCBuildConfiguration;
			buildSettings = {
				ASSETCATALOG_COMPILER_APPICON_NAME = AppIcon;
				CODE_SIGN_ENTITLEMENTS = App/Nivel.entitlements;
				CODE_SIGN_IDENTITY = "iPhone Developer";
				DEVELOPMENT_TEAM = 5V52773QN3;
				INFOPLIST_FILE = App/Info.plist;
				INFOPLIST_KEY_LSApplicationCategoryType = "public.app-category.healthcare-fitness";
				LD_RUNPATH_SEARCH_PATHS = (
					"$(inherited)",
					"@executable_path/Frameworks",
				);
				PRODUCT_BUNDLE_IDENTIFIER = fr.mbernard.Nivel;
				SDKROOT = iphoneos;
				TARGETED_DEVICE_FAMILY = "1,2";
			};
			name = Release;
		};
		B7FA16B7B1905B2626FF0FDD /* Debug */ = {
			isa = XCBuildConfiguration;
			buildSettings = {
				ALWAYS_SEARCH_USER_PATHS = NO;
				CLANG_ANALYZER_NONNULL = YES;
				CLANG_ANALYZER_NUMBER_OBJECT_CONVERSION = YES_AGGRESSIVE;
				CLANG_CXX_LANGUAGE_STANDARD = "gnu++14";
				CLANG_CXX_LIBRARY = "libc++";
				CLANG_ENABLE_MODULES = YES;
				CLANG_ENABLE_OBJC_ARC = YES;
				CLANG_ENABLE_OBJC_WEAK = YES;
				CLANG_WARN_BLOCK_CAPTURE_AUTORELEASING = YES;
				CLANG_WARN_BOOL_CONVERSION = YES;
				CLANG_WARN_COMMA = YES;
				CLANG_WARN_CONSTANT_CONVERSION = YES;
				CLANG_WARN_DEPRECATED_OBJC_IMPLEMENTATIONS = YES;
				CLANG_WARN_DIRECT_OBJC_ISA_USAGE = YES_ERROR;
				CLANG_WARN_DOCUMENTATION_COMMENTS = YES;
				CLANG_WARN_EMPTY_BODY = YES;
				CLANG_WARN_ENUM_CONVERSION = YES;
				CLANG_WARN_INFINITE_RECURSION = YES;
				CLANG_WARN_INT_CONVERSION = YES;
				CLANG_WARN_NON_LITERAL_NULL_CONVERSION = YES;
				CLANG_WARN_OBJC_IMPLICIT_RETAIN_SELF = YES;
				CLANG_WARN_OBJC_LITERAL_CONVERSION = YES;
				CLANG_WARN_OBJC_ROOT_CLASS = YES_ERROR;
				CLANG_WARN_QUOTED_INCLUDE_IN_FRAMEWORK_HEADER = YES;
				CLANG_WARN_RANGE_LOOP_ANALYSIS = YES;
				CLANG_WARN_STRICT_PROTOTYPES = YES;
				CLANG_WARN_SUSPICIOUS_MOVE = YES;
				CLANG_WARN_UNGUARDED_AVAILABILITY = YES_AGGRESSIVE;
				CLANG_WARN_UNREACHABLE_CODE = YES;
				CLANG_WARN__DUPLICATE_METHOD_MATCH = YES;
				COPY_PHASE_STRIP = NO;
				DEBUG_INFORMATION_FORMAT = dwarf;
				ENABLE_STRICT_OBJC_MSGSEND = YES;
				ENABLE_TESTABILITY = YES;
				GCC_C_LANGUAGE_STANDARD = gnu11;
				GCC_DYNAMIC_NO_PIC = NO;
				GCC_NO_COMMON_BLOCKS = YES;
				GCC_OPTIMIZATION_LEVEL = 0;
				GCC_PREPROCESSOR_DEFINITIONS = (
					"$(inherited)",
					"DEBUG=1",
				);
				GCC_WARN_64_TO_32_BIT_CONVERSION = YES;
				GCC_WARN_ABOUT_RETURN_TYPE = YES_ERROR;
				GCC_WARN_UNDECLARED_SELECTOR = YES;
				GCC_WARN_UNINITIALIZED_AUTOS = YES_AGGRESSIVE;
				GCC_WARN_UNUSED_FUNCTION = YES;
				GCC_WARN_UNUSED_VARIABLE = YES;
				IPHONEOS_DEPLOYMENT_TARGET = 17.0;
				MTL_ENABLE_DEBUG_INFO = INCLUDE_SOURCE;
				MTL_FAST_MATH = YES;
				ONLY_ACTIVE_ARCH = YES;
				PRODUCT_NAME = "$(TARGET_NAME)";
				SDKROOT = iphoneos;
				SWIFT_ACTIVE_COMPILATION_CONDITIONS = DEBUG;
				SWIFT_OPTIMIZATION_LEVEL = "-Onone";
				SWIFT_VERSION = 5.0;
			};
			name = Debug;
		};
		ED89C477EF75DF6C30B598E4 /* Debug */ = {
			isa = XCBuildConfiguration;
			buildSettings = {
				BUNDLE_LOADER = "$(TEST_HOST)";
				GENERATE_INFOPLIST_FILE = YES;
				LD_RUNPATH_SEARCH_PATHS = (
					"$(inherited)",
					"@executable_path/Frameworks",
					"@loader_path/Frameworks",
				);
				PRODUCT_BUNDLE_IDENTIFIER = fr.mbernard.NivelTests;
				SDKROOT = iphoneos;
				TARGETED_DEVICE_FAMILY = "1,2";
				TEST_HOST = "$(BUILT_PRODUCTS_DIR)/Nivel.app/Nivel";
			};
			name = Debug;
		};
/* End XCBuildConfiguration section */

/* Begin XCConfigurationList section */
		3197E686F23E9F45A269CDE6 /* Build configuration list for PBXNativeTarget "Nivel" */ = {
			isa = XCConfigurationList;
			buildConfigurations = (
				5B0F8DDC8C507B5E40FE63C2 /* Debug */,
				AA3B4CDE4446D043722CA44D /* Release */,
			);
			defaultConfigurationIsVisible = 0;
			defaultConfigurationName = Debug;
		};
		6D59E3BA22F6B18CD1F33C4D /* Build configuration list for PBXProject "Nivel" */ = {
			isa = XCConfigurationList;
			buildConfigurations = (
				B7FA16B7B1905B2626FF0FDD /* Debug */,
				57D9D36D439461EC8FA85191 /* Release */,
			);
			defaultConfigurationIsVisible = 0;
			defaultConfigurationName = Debug;
		};
		EF80D40966584D66EEABCDC3 /* Build configuration list for PBXNativeTarget "NivelTests" */ = {
			isa = XCConfigurationList;
			buildConfigurations = (
				ED89C477EF75DF6C30B598E4 /* Debug */,
				96F8A22F0A393B2B5FED0806 /* Release */,
			);
			defaultConfigurationIsVisible = 0;
			defaultConfigurationName = Debug;
		};
/* End XCConfigurationList section */

/* Begin XCLocalSwiftPackageReference section */
		7A9C36BC65A1C4D06724DB70 /* XCLocalSwiftPackageReference "NivelCore" */ = {
			isa = XCLocalSwiftPackageReference;
			relativePath = NivelCore;
		};
/* End XCLocalSwiftPackageReference section */

/* Begin XCSwiftPackageProductDependency section */
		B88CBBE48B3261367C1BD66E /* NivelCore */ = {
			isa = XCSwiftPackageProductDependency;
			productName = NivelCore;
		};
/* End XCSwiftPackageProductDependency section */
	};
	rootObject = 04E8B4E936966D5E7CBCE2A4 /* Project object */;
}
