// !$*UTF8*$!
{
	archiveVersion = 1;
	classes = {
	};
	objectVersion = 77;
	objects = {

/* Begin PBXBuildFile section */
		0185ED5CBF4E4F62BDFFDD64 /* IconAssetsTests.swift in Sources */ = {isa = PBXBuildFile; fileRef = 9D23EC46E843C0AB08C1D436 /* IconAssetsTests.swift */; };
		0375D5C747818288487770AE /* ReminderSettingsTests.swift in Sources */ = {isa = PBXBuildFile; fileRef = 37AB881695F3E7346D401D38 /* ReminderSettingsTests.swift */; };
		059EE6DBE7DF77207ED03B69 /* OnboardingIdentityTests.swift in Sources */ = {isa = PBXBuildFile; fileRef = 213BA90A0D04CBB6102E11CA /* OnboardingIdentityTests.swift */; };
		0C26B3C24DAA2E3C25572C08 /* PosturePlanTests.swift in Sources */ = {isa = PBXBuildFile; fileRef = 1CEF612545C16E3249D319E7 /* PosturePlanTests.swift */; };
		0E3F3E145790081DBCB96DFC /* StepsChart.swift in Sources */ = {isa = PBXBuildFile; fileRef = E59866C500AE8AE430E9AE18 /* StepsChart.swift */; };
		0FAF06974700B656604E7BA8 /* SystemWidgetViews.swift in Sources */ = {isa = PBXBuildFile; fileRef = F61A0C215E7AF8D8BAB3D8A4 /* SystemWidgetViews.swift */; };
		13D330D2A60DD0F8D3900C60 /* DayCloser.swift in Sources */ = {isa = PBXBuildFile; fileRef = 7FD0D49D1E0B2314767BA85A /* DayCloser.swift */; };
		1B36CC033AB07BEB581D664D /* Theme.swift in Sources */ = {isa = PBXBuildFile; fileRef = 9782153DD5F0B9BABA5132F1 /* Theme.swift */; };
		1D1E36C74A9B09A9D1678F59 /* NivelitoShapes.swift in Sources */ = {isa = PBXBuildFile; fileRef = 660D96E22C32118424F93AC2 /* NivelitoShapes.swift */; };
		1F43357BA9FC3C15EC018C56 /* MealBasketView.swift in Sources */ = {isa = PBXBuildFile; fileRef = 3B3412AFA14494C601193A76 /* MealBasketView.swift */; };
		1FF19C44AD93A713440F748D /* GameService+WidgetSync.swift in Sources */ = {isa = PBXBuildFile; fileRef = 46EDFAE59B39F4B1069C0EA0 /* GameService+WidgetSync.swift */; };
		229BF4CEFB8B9929D59ED697 /* WidgetSyncTests.swift in Sources */ = {isa = PBXBuildFile; fileRef = B501D130466BA533B52476E1 /* WidgetSyncTests.swift */; };
		291CD5438E6A3A57272E0D3D /* WidgetNivelito.swift in Sources */ = {isa = PBXBuildFile; fileRef = 3BF872BC4E82BD67550D3584 /* WidgetNivelito.swift */; };
		2E84FFC862B46AF4F65B9EC0 /* SettingsView+DevicePreferences.swift in Sources */ = {isa = PBXBuildFile; fileRef = 27D6B63A9C04FD9C8F04CD75 /* SettingsView+DevicePreferences.swift */; };
		3823F2CEF73FE2E0AF8B05D6 /* AccessoryWidgetViews.swift in Sources */ = {isa = PBXBuildFile; fileRef = AFDC8767D0FD08A6F1C258C5 /* AccessoryWidgetViews.swift */; };
		391EAD8EC7FF0C0A74A634D5 /* NivelCore in Frameworks */ = {isa = PBXBuildFile; productRef = B88CBBE48B3261367C1BD66E /* NivelCore */; };
		3BFDE41276406C8417A234F4 /* ExerciseTimerModelTests.swift in Sources */ = {isa = PBXBuildFile; fileRef = 6ACE9E28CF90E65E163287C1 /* ExerciseTimerModelTests.swift */; };
		3CC9129E5468CBA81B557299 /* timer_done.caf in Resources */ = {isa = PBXBuildFile; fileRef = 0A1C7019B6613E1DDDAB872E /* timer_done.caf */; };
		3CD389A424895D03BA0D911B /* NivelWidgets.swift in Sources */ = {isa = PBXBuildFile; fileRef = 0F1E6C3704AFDDD3972C4384 /* NivelWidgets.swift */; };
		43B794C252D4FF54C8BFAB8C /* HomeDashboardTests.swift in Sources */ = {isa = PBXBuildFile; fileRef = C5D7F6B85908405A6B6F609C /* HomeDashboardTests.swift */; };
		4419A082321509FEF4A7F929 /* SoundPlayerTests.swift in Sources */ = {isa = PBXBuildFile; fileRef = C469C8E725B6F5111FEA5290 /* SoundPlayerTests.swift */; };
		44E73F722094C06855E93916 /* SessionPlayerSheet.swift in Sources */ = {isa = PBXBuildFile; fileRef = 50D53BF008B271B611966D7C /* SessionPlayerSheet.swift */; };
		4CE4E454AA136D82709CEB76 /* ActivityLogSheet.swift in Sources */ = {isa = PBXBuildFile; fileRef = F98388DCCE812FDB6EB3F5D5 /* ActivityLogSheet.swift */; };
		4D8808457DFA6F3A174B20C3 /* SettingsView.swift in Sources */ = {isa = PBXBuildFile; fileRef = 848BA4571516E35FCEA2402D /* SettingsView.swift */; };
		4E7AE9FDA9DA5EBB0BAD876E /* TimerChime+App.swift in Sources */ = {isa = PBXBuildFile; fileRef = C7115C94A90C02E4FB6B9B24 /* TimerChime+App.swift */; };
		4E8C2BBA3CC86D6E72F06955 /* NivelWidgetProvider.swift in Sources */ = {isa = PBXBuildFile; fileRef = 8E2385787BD003A25BF9AC5C /* NivelWidgetProvider.swift */; };
		5250E4B0045E3F3A037708F2 /* ThemePalette.swift in Sources */ = {isa = PBXBuildFile; fileRef = 4E4AF60C635E23219D03138E /* ThemePalette.swift */; };
		53931F6D56ACB48CD78C092D /* Assets.xcassets in Resources */ = {isa = PBXBuildFile; fileRef = A6EDCC1A6BBE5494E9031FF3 /* Assets.xcassets */; };
		54786F0394B67DE901FD1C19 /* MealLogSheet.swift in Sources */ = {isa = PBXBuildFile; fileRef = 5A3D92F71CC93D99201C361E /* MealLogSheet.swift */; };
		54F0635AFE571DA500073C77 /* ThemeStoreTests.swift in Sources */ = {isa = PBXBuildFile; fileRef = 4D61F97EB25C7DADAAAED923 /* ThemeStoreTests.swift */; };
		57A40EADB63F64054A4795D7 /* CelebrationsHost.swift in Sources */ = {isa = PBXBuildFile; fileRef = 2333A9029C3BCBFBBF4FB976 /* CelebrationsHost.swift */; };
		5A40096E1BB5A7713251D5C1 /* NivelitoView.swift in Sources */ = {isa = PBXBuildFile; fileRef = C923A46DDC21834AB6E06D1B /* NivelitoView.swift */; };
		5A7B97883F447747C5AC4269 /* GameService+Sport.swift in Sources */ = {isa = PBXBuildFile; fileRef = 6909EF00448EC3D59E1F1401 /* GameService+Sport.swift */; };
		5B9E24C6742A771CA6A2B008 /* AppSmokeTests.swift in Sources */ = {isa = PBXBuildFile; fileRef = 67EB506351740B5EC992E309 /* AppSmokeTests.swift */; };
		5D4D67FBBA062126EF9E6359 /* FoodCatalogView.swift in Sources */ = {isa = PBXBuildFile; fileRef = 26FB42173B80889E3B0D55CE /* FoodCatalogView.swift */; };
		61E2605647D0942C07D4ED9D /* SplashView.swift in Sources */ = {isa = PBXBuildFile; fileRef = 7900354E6B00D231F84DEFD2 /* SplashView.swift */; };
		68FC7AB0B8348D9985A35645 /* ProfileNameSettingsTests.swift in Sources */ = {isa = PBXBuildFile; fileRef = 0F0A25ADDD52927515408A2F /* ProfileNameSettingsTests.swift */; };
		6AA7C1B691686E85F81AB3ED /* SoundSettingsTests.swift in Sources */ = {isa = PBXBuildFile; fileRef = 57C19036F8CCE4109F70DE13 /* SoundSettingsTests.swift */; };
		6BB5B3818639E1B3256D9368 /* PrivacyInfo.xcprivacy in Resources */ = {isa = PBXBuildFile; fileRef = 0BB4765E6D2A577C375E88A8 /* PrivacyInfo.xcprivacy */; };
		6C70C4250E9621D0CEB183BB /* SessionPlayerTests.swift in Sources */ = {isa = PBXBuildFile; fileRef = E7E30CFE8A8CCC934374688F /* SessionPlayerTests.swift */; };
		6E6D79EE6AB41491A6FAEEA8 /* NivelApp.swift in Sources */ = {isa = PBXBuildFile; fileRef = 252E585F67D7801561AA6A8A /* NivelApp.swift */; };
		6F3C3DC2FE9892204DEA09CF /* SourcesView.swift in Sources */ = {isa = PBXBuildFile; fileRef = EEDF577602FF64CA42D65A8F /* SourcesView.swift */; };
		702598BDC0DD4C224F4D4313 /* PrivacyInfo.xcprivacy in Resources */ = {isa = PBXBuildFile; fileRef = B37125EC31AFA6210CB0108D /* PrivacyInfo.xcprivacy */; };
		7188B6A5F0D1F64AA1F4A91F /* DayCloserTests.swift in Sources */ = {isa = PBXBuildFile; fileRef = C75615282503FC8044658A28 /* DayCloserTests.swift */; };
		74773DF87BFEED9D9D9908E4 /* ActivityLogSheetTests.swift in Sources */ = {isa = PBXBuildFile; fileRef = 46AB1204E0C482A88E0531BA /* ActivityLogSheetTests.swift */; };
		75ADB553C3E21774DAF18E6A /* XPBar.swift in Sources */ = {isa = PBXBuildFile; fileRef = 02D37C5B43BABA7C97A669DA /* XPBar.swift */; };
		77B49E3992CE52CA8BD6F01A /* SportAssetsTests.swift in Sources */ = {isa = PBXBuildFile; fileRef = 586A1B038D76EC763A7DED99 /* SportAssetsTests.swift */; };
		7B7AB02CBD9C581DF46CF251 /* QuestsView.swift in Sources */ = {isa = PBXBuildFile; fileRef = DEB8CD41FD23E7C73BB3986B /* QuestsView.swift */; };
		7C0FE31A8625D00828C0C868 /* PostureSection.swift in Sources */ = {isa = PBXBuildFile; fileRef = 5EB2E2BB7C09EE5FBA96D57C /* PostureSection.swift */; };
		83A569C9282E797637B0C790 /* HomeView.swift in Sources */ = {isa = PBXBuildFile; fileRef = A6D09557663FBEA7185F1839 /* HomeView.swift */; };
		846FB76C89B63E0E8EA18B9F /* SportServiceTests.swift in Sources */ = {isa = PBXBuildFile; fileRef = 2E79A5C4755FBC1F48C875DF /* SportServiceTests.swift */; };
		8A961A5E51AADE69A6472F3E /* PreviewTour.swift in Sources */ = {isa = PBXBuildFile; fileRef = 2B761F597D77ACFC3EB2A43F /* PreviewTour.swift */; };
		8CAC8E0E20A72CB51487666F /* DeepLink.swift in Sources */ = {isa = PBXBuildFile; fileRef = 4C4CF000EF99C1C649915C18 /* DeepLink.swift */; };
		8EF6D46C5AB6BC94B4B0610E /* ScreenshotSupport.swift in Sources */ = {isa = PBXBuildFile; fileRef = B6F84F79AE6532FA5B518716 /* ScreenshotSupport.swift */; };
		8F7261B03BB53E975D11918B /* SpeechBubble.swift in Sources */ = {isa = PBXBuildFile; fileRef = ABEDC772C4F515AF32D0B650 /* SpeechBubble.swift */; };
		8FF011930BD1D837FABD72BD /* WeightChart.swift in Sources */ = {isa = PBXBuildFile; fileRef = B96415D84EF698197C100E80 /* WeightChart.swift */; };
		93AED358242CE2BD999D1419 /* SportView.swift in Sources */ = {isa = PBXBuildFile; fileRef = 4542B7EDA424C2DF0AF4CD23 /* SportView.swift */; };
		98FFD55FB53DB28F24DFA336 /* PersistentModels.swift in Sources */ = {isa = PBXBuildFile; fileRef = 2EABBAD095DB88DF009C167B /* PersistentModels.swift */; };
		9AAC11CD2DCE67EF87514452 /* GameServiceTests.swift in Sources */ = {isa = PBXBuildFile; fileRef = EA9815E4BFFB49808FA9B128 /* GameServiceTests.swift */; };
		9E40875FA751C9A4CEDC7FDC /* SoundSettings.swift in Sources */ = {isa = PBXBuildFile; fileRef = 2F5C481B082D4CC3692BC8FB /* SoundSettings.swift */; };
		A092FB1BE78830552301E9AE /* WidgetBridge.swift in Sources */ = {isa = PBXBuildFile; fileRef = 9A75857CFA83CD2BBC7B811A /* WidgetBridge.swift */; };
		A8F3FF34B7D7CB7770F78CDF /* SportIllustration.swift in Sources */ = {isa = PBXBuildFile; fileRef = A8FFFFAF3CE543D7BDA7BAB9 /* SportIllustration.swift */; };
		A9598A7C27939AE025FABCB2 /* Formatting.swift in Sources */ = {isa = PBXBuildFile; fileRef = E840C37923218C1DC6C0614D /* Formatting.swift */; };
		AC058589EEDA0F462DF1730B /* LevelUpView.swift in Sources */ = {isa = PBXBuildFile; fileRef = C6B269DD24BE6B62E7DD967A /* LevelUpView.swift */; };
		AF6529F14A611955ACF3E30C /* DeepLinkTests.swift in Sources */ = {isa = PBXBuildFile; fileRef = DC82896D117DA2A2662EAF3A /* DeepLinkTests.swift */; };
		B130D8C2B4A0878C4D419DA2 /* ExerciseTimerModel.swift in Sources */ = {isa = PBXBuildFile; fileRef = 55E620156F52BBF2F9AB3EF1 /* ExerciseTimerModel.swift */; };
		B68B1D038E169E9553B91658 /* SoundAssetsTests.swift in Sources */ = {isa = PBXBuildFile; fileRef = 544B9CEDBA3774256FB86048 /* SoundAssetsTests.swift */; };
		B7F10BCE3A130F18F93DBC46 /* SoundPlayer.swift in Sources */ = {isa = PBXBuildFile; fileRef = EEF1380E0A63B78349E2FE6D /* SoundPlayer.swift */; };
		BF2B37358A89A407B1136563 /* PosturePlanSettings.swift in Sources */ = {isa = PBXBuildFile; fileRef = 86CFA32802959F33180BCCFD /* PosturePlanSettings.swift */; };
		C4741F7A70E605F1FC308D14 /* WidgetCalorieRing.swift in Sources */ = {isa = PBXBuildFile; fileRef = D49A890D862F2479B8A7C2E0 /* WidgetCalorieRing.swift */; };
		C57910A2F19CC7C8B8FC2E4E /* WidgetBridge.swift in Sources */ = {isa = PBXBuildFile; fileRef = 9A75857CFA83CD2BBC7B811A /* WidgetBridge.swift */; };
		C5F456A98B8DC00057306084 /* SettingsView+Reminders.swift in Sources */ = {isa = PBXBuildFile; fileRef = 2876B0755FAF9E69C37EECFF /* SettingsView+Reminders.swift */; };
		CA44B39964325597C05E92A6 /* RootView.swift in Sources */ = {isa = PBXBuildFile; fileRef = 671D6B6E3581A479FFED40C2 /* RootView.swift */; };
		CCA2B60504058665BBC05DF7 /* StatCard.swift in Sources */ = {isa = PBXBuildFile; fileRef = D9245CF3C47048DB9D88C2E5 /* StatCard.swift */; };
		D1BD49D8E5F9A80EF5BA6E15 /* ProgressScreen.swift in Sources */ = {isa = PBXBuildFile; fileRef = 0EC47BA19967A4B2085299D7 /* ProgressScreen.swift */; };
		D3ECBB03492F7180F08F3040 /* timer_step.caf in Resources */ = {isa = PBXBuildFile; fileRef = 1B9B9196CD68143267D66D54 /* timer_step.caf */; };
		D4DBCCCBE3F53C8F8882CC95 /* NotificationService.swift in Sources */ = {isa = PBXBuildFile; fileRef = B1E734571AD23AE4CDC74D01 /* NotificationService.swift */; };
		D83B5EF71AE830A0DACABC6B /* NivelWidgets.appex in Embed Foundation Extensions */ = {isa = PBXBuildFile; fileRef = C658D5A942C3A751271B8BBD /* NivelWidgets.appex */; settings = {ATTRIBUTES = (RemoveHeadersOnCopy, ); }; };
		DAAD239CC8C1DACA809A05DF /* OnboardingFlow.swift in Sources */ = {isa = PBXBuildFile; fileRef = 16A07EB6FBC6FCF23B97D21B /* OnboardingFlow.swift */; };
		DBA75C60C34D6D51CBD43CF2 /* CalorieRing.swift in Sources */ = {isa = PBXBuildFile; fileRef = BCBB38120226BC151CACEE2B /* CalorieRing.swift */; };
		E16F69EA211C733A1361FF9B /* CaloriesChart.swift in Sources */ = {isa = PBXBuildFile; fileRef = DEA9C805AF5775DBC7B1116A /* CaloriesChart.swift */; };
		E25C6AEB1505C0C69F8CB630 /* NivelitoShapes.swift in Sources */ = {isa = PBXBuildFile; fileRef = 660D96E22C32118424F93AC2 /* NivelitoShapes.swift */; };
		E3B6801717F7DF059E2DD29C /* MealLoggingTests.swift in Sources */ = {isa = PBXBuildFile; fileRef = 88DF803E54753D174CB0E654 /* MealLoggingTests.swift */; };
		E798FE183A61FFB80A6842BC /* NivelCore in Frameworks */ = {isa = PBXBuildFile; productRef = 9E90148A545B2C16C0326922 /* NivelCore */; };
		E7D4FDE0DBF28A9F40684FD8 /* CozyIcon.swift in Sources */ = {isa = PBXBuildFile; fileRef = 0DFE3142B4FCF840E98BE4C6 /* CozyIcon.swift */; };
		E9A68E7BA32F2904CD7072B6 /* MealLineDetailView.swift in Sources */ = {isa = PBXBuildFile; fileRef = DC2CFCDDF307B46E6407F604 /* MealLineDetailView.swift */; };
		E9E07644DA5B531E655EFC74 /* WeighInSheet.swift in Sources */ = {isa = PBXBuildFile; fileRef = 079075DA2E6A1C77564F067B /* WeighInSheet.swift */; };
		ECBE1CB18EBCE075EFFAE24B /* MealsJournalView.swift in Sources */ = {isa = PBXBuildFile; fileRef = A694B98073276CD2FA798820 /* MealsJournalView.swift */; };
		ED5AFB7FD6AEF575784BC71B /* DailySessionCard.swift in Sources */ = {isa = PBXBuildFile; fileRef = 7C31C4F7D1AD90033A56B5C9 /* DailySessionCard.swift */; };
		F68D24A45D81DC3DAE52A757 /* Formatting.swift in Sources */ = {isa = PBXBuildFile; fileRef = E840C37923218C1DC6C0614D /* Formatting.swift */; };
		FB9F1654D2AFF306E24D59CF /* ThemePalette.swift in Sources */ = {isa = PBXBuildFile; fileRef = 4E4AF60C635E23219D03138E /* ThemePalette.swift */; };
		FDCB8202104609DE46003A7A /* GameService.swift in Sources */ = {isa = PBXBuildFile; fileRef = 6A1F6969B88BCA1A9BE77195 /* GameService.swift */; };
		FE4A11B0B48A1B381C926EC7 /* TimerRingView.swift in Sources */ = {isa = PBXBuildFile; fileRef = A79570BB8A6B99B6D9314323 /* TimerRingView.swift */; };
		FF12E9FD2218E9B1A09DFA9A /* HealthKitService.swift in Sources */ = {isa = PBXBuildFile; fileRef = 2749E47DBFD2A5D89042A89E /* HealthKitService.swift */; };
/* End PBXBuildFile section */

/* Begin PBXContainerItemProxy section */
		44B18F77E53BE4786591C54F /* PBXContainerItemProxy */ = {
			isa = PBXContainerItemProxy;
			containerPortal = 04E8B4E936966D5E7CBCE2A4 /* Project object */;
			proxyType = 1;
			remoteGlobalIDString = 11AE6BF7C657676797D2A148;
			remoteInfo = NivelWidgets;
		};
		534038DADC5684B9DF721AEC /* PBXContainerItemProxy */ = {
			isa = PBXContainerItemProxy;
			containerPortal = 04E8B4E936966D5E7CBCE2A4 /* Project object */;
			proxyType = 1;
			remoteGlobalIDString = 75F9E279A12A830E33238A0B;
			remoteInfo = Nivel;
		};
		CB5119286F40B24428A37ADF /* PBXContainerItemProxy */ = {
			isa = PBXContainerItemProxy;
			containerPortal = 04E8B4E936966D5E7CBCE2A4 /* Project object */;
			proxyType = 1;
			remoteGlobalIDString = 75F9E279A12A830E33238A0B;
			remoteInfo = Nivel;
		};
/* End PBXContainerItemProxy section */

/* Begin PBXCopyFilesBuildPhase section */
		6B061F2D7BD4922606F5AC40 /* Embed Foundation Extensions */ = {
			isa = PBXCopyFilesBuildPhase;
			buildActionMask = 2147483647;
			dstPath = "";
			dstSubfolderSpec = 13;
			files = (
				D83B5EF71AE830A0DACABC6B /* NivelWidgets.appex in Embed Foundation Extensions */,
			);
			name = "Embed Foundation Extensions";
			runOnlyForDeploymentPostprocessing = 0;
		};
/* End PBXCopyFilesBuildPhase section */

/* Begin PBXFileReference section */
		02D37C5B43BABA7C97A669DA /* XPBar.swift */ = {isa = PBXFileReference; lastKnownFileType = sourcecode.swift; path = XPBar.swift; sourceTree = "<group>"; };
		079075DA2E6A1C77564F067B /* WeighInSheet.swift */ = {isa = PBXFileReference; lastKnownFileType = sourcecode.swift; path = WeighInSheet.swift; sourceTree = "<group>"; };
		0A1C7019B6613E1DDDAB872E /* timer_done.caf */ = {isa = PBXFileReference; path = timer_done.caf; sourceTree = "<group>"; };
		0BB4765E6D2A577C375E88A8 /* PrivacyInfo.xcprivacy */ = {isa = PBXFileReference; path = PrivacyInfo.xcprivacy; sourceTree = "<group>"; };
		0DFE3142B4FCF840E98BE4C6 /* CozyIcon.swift */ = {isa = PBXFileReference; lastKnownFileType = sourcecode.swift; path = CozyIcon.swift; sourceTree = "<group>"; };
		0EC47BA19967A4B2085299D7 /* ProgressScreen.swift */ = {isa = PBXFileReference; lastKnownFileType = sourcecode.swift; path = ProgressScreen.swift; sourceTree = "<group>"; };
		0F0A25ADDD52927515408A2F /* ProfileNameSettingsTests.swift */ = {isa = PBXFileReference; lastKnownFileType = sourcecode.swift; path = ProfileNameSettingsTests.swift; sourceTree = "<group>"; };
		0F1E6C3704AFDDD3972C4384 /* NivelWidgets.swift */ = {isa = PBXFileReference; lastKnownFileType = sourcecode.swift; path = NivelWidgets.swift; sourceTree = "<group>"; };
		16A07EB6FBC6FCF23B97D21B /* OnboardingFlow.swift */ = {isa = PBXFileReference; lastKnownFileType = sourcecode.swift; path = OnboardingFlow.swift; sourceTree = "<group>"; };
		1B870793FACF92E8A3EC300C /* Nivel.entitlements */ = {isa = PBXFileReference; lastKnownFileType = text.plist.entitlements; path = Nivel.entitlements; sourceTree = "<group>"; };
		1B9B9196CD68143267D66D54 /* timer_step.caf */ = {isa = PBXFileReference; path = timer_step.caf; sourceTree = "<group>"; };
		1CEF612545C16E3249D319E7 /* PosturePlanTests.swift */ = {isa = PBXFileReference; lastKnownFileType = sourcecode.swift; path = PosturePlanTests.swift; sourceTree = "<group>"; };
		213BA90A0D04CBB6102E11CA /* OnboardingIdentityTests.swift */ = {isa = PBXFileReference; lastKnownFileType = sourcecode.swift; path = OnboardingIdentityTests.swift; sourceTree = "<group>"; };
		2333A9029C3BCBFBBF4FB976 /* CelebrationsHost.swift */ = {isa = PBXFileReference; lastKnownFileType = sourcecode.swift; path = CelebrationsHost.swift; sourceTree = "<group>"; };
		252E585F67D7801561AA6A8A /* NivelApp.swift */ = {isa = PBXFileReference; lastKnownFileType = sourcecode.swift; path = NivelApp.swift; sourceTree = "<group>"; };
		26FB42173B80889E3B0D55CE /* FoodCatalogView.swift */ = {isa = PBXFileReference; lastKnownFileType = sourcecode.swift; path = FoodCatalogView.swift; sourceTree = "<group>"; };
		2749E47DBFD2A5D89042A89E /* HealthKitService.swift */ = {isa = PBXFileReference; lastKnownFileType = sourcecode.swift; path = HealthKitService.swift; sourceTree = "<group>"; };
		27D6B63A9C04FD9C8F04CD75 /* SettingsView+DevicePreferences.swift */ = {isa = PBXFileReference; lastKnownFileType = sourcecode.swift; path = "SettingsView+DevicePreferences.swift"; sourceTree = "<group>"; };
		2876B0755FAF9E69C37EECFF /* SettingsView+Reminders.swift */ = {isa = PBXFileReference; lastKnownFileType = sourcecode.swift; path = "SettingsView+Reminders.swift"; sourceTree = "<group>"; };
		2B761F597D77ACFC3EB2A43F /* PreviewTour.swift */ = {isa = PBXFileReference; lastKnownFileType = sourcecode.swift; path = PreviewTour.swift; sourceTree = "<group>"; };
		2E79A5C4755FBC1F48C875DF /* SportServiceTests.swift */ = {isa = PBXFileReference; lastKnownFileType = sourcecode.swift; path = SportServiceTests.swift; sourceTree = "<group>"; };
		2EABBAD095DB88DF009C167B /* PersistentModels.swift */ = {isa = PBXFileReference; lastKnownFileType = sourcecode.swift; path = PersistentModels.swift; sourceTree = "<group>"; };
		2F5C481B082D4CC3692BC8FB /* SoundSettings.swift */ = {isa = PBXFileReference; lastKnownFileType = sourcecode.swift; path = SoundSettings.swift; sourceTree = "<group>"; };
		34F99A2EA3F3B3FD6B5FB4AB /* Info.plist */ = {isa = PBXFileReference; lastKnownFileType = text.plist; path = Info.plist; sourceTree = "<group>"; };
		37AB881695F3E7346D401D38 /* ReminderSettingsTests.swift */ = {isa = PBXFileReference; lastKnownFileType = sourcecode.swift; path = ReminderSettingsTests.swift; sourceTree = "<group>"; };
		3B3412AFA14494C601193A76 /* MealBasketView.swift */ = {isa = PBXFileReference; lastKnownFileType = sourcecode.swift; path = MealBasketView.swift; sourceTree = "<group>"; };
		3BF872BC4E82BD67550D3584 /* WidgetNivelito.swift */ = {isa = PBXFileReference; lastKnownFileType = sourcecode.swift; path = WidgetNivelito.swift; sourceTree = "<group>"; };
		4542B7EDA424C2DF0AF4CD23 /* SportView.swift */ = {isa = PBXFileReference; lastKnownFileType = sourcecode.swift; path = SportView.swift; sourceTree = "<group>"; };
		458C2EFDE5A8833EB80D2F5C /* Nivel.app */ = {isa = PBXFileReference; includeInIndex = 0; lastKnownFileType = wrapper.application; path = Nivel.app; sourceTree = BUILT_PRODUCTS_DIR; };
		46AB1204E0C482A88E0531BA /* ActivityLogSheetTests.swift */ = {isa = PBXFileReference; lastKnownFileType = sourcecode.swift; path = ActivityLogSheetTests.swift; sourceTree = "<group>"; };
		46EDFAE59B39F4B1069C0EA0 /* GameService+WidgetSync.swift */ = {isa = PBXFileReference; lastKnownFileType = sourcecode.swift; path = "GameService+WidgetSync.swift"; sourceTree = "<group>"; };
		4C4CF000EF99C1C649915C18 /* DeepLink.swift */ = {isa = PBXFileReference; lastKnownFileType = sourcecode.swift; path = DeepLink.swift; sourceTree = "<group>"; };
		4D61F97EB25C7DADAAAED923 /* ThemeStoreTests.swift */ = {isa = PBXFileReference; lastKnownFileType = sourcecode.swift; path = ThemeStoreTests.swift; sourceTree = "<group>"; };
		4E4AF60C635E23219D03138E /* ThemePalette.swift */ = {isa = PBXFileReference; lastKnownFileType = sourcecode.swift; path = ThemePalette.swift; sourceTree = "<group>"; };
		50D53BF008B271B611966D7C /* SessionPlayerSheet.swift */ = {isa = PBXFileReference; lastKnownFileType = sourcecode.swift; path = SessionPlayerSheet.swift; sourceTree = "<group>"; };
		544B9CEDBA3774256FB86048 /* SoundAssetsTests.swift */ = {isa = PBXFileReference; lastKnownFileType = sourcecode.swift; path = SoundAssetsTests.swift; sourceTree = "<group>"; };
		55E620156F52BBF2F9AB3EF1 /* ExerciseTimerModel.swift */ = {isa = PBXFileReference; lastKnownFileType = sourcecode.swift; path = ExerciseTimerModel.swift; sourceTree = "<group>"; };
		57C19036F8CCE4109F70DE13 /* SoundSettingsTests.swift */ = {isa = PBXFileReference; lastKnownFileType = sourcecode.swift; path = SoundSettingsTests.swift; sourceTree = "<group>"; };
		586A1B038D76EC763A7DED99 /* SportAssetsTests.swift */ = {isa = PBXFileReference; lastKnownFileType = sourcecode.swift; path = SportAssetsTests.swift; sourceTree = "<group>"; };
		5A3D92F71CC93D99201C361E /* MealLogSheet.swift */ = {isa = PBXFileReference; lastKnownFileType = sourcecode.swift; path = MealLogSheet.swift; sourceTree = "<group>"; };
		5EB2E2BB7C09EE5FBA96D57C /* PostureSection.swift */ = {isa = PBXFileReference; lastKnownFileType = sourcecode.swift; path = PostureSection.swift; sourceTree = "<group>"; };
		660D96E22C32118424F93AC2 /* NivelitoShapes.swift */ = {isa = PBXFileReference; lastKnownFileType = sourcecode.swift; path = NivelitoShapes.swift; sourceTree = "<group>"; };
		671D6B6E3581A479FFED40C2 /* RootView.swift */ = {isa = PBXFileReference; lastKnownFileType = sourcecode.swift; path = RootView.swift; sourceTree = "<group>"; };
		67EB506351740B5EC992E309 /* AppSmokeTests.swift */ = {isa = PBXFileReference; lastKnownFileType = sourcecode.swift; path = AppSmokeTests.swift; sourceTree = "<group>"; };
		6909EF00448EC3D59E1F1401 /* GameService+Sport.swift */ = {isa = PBXFileReference; lastKnownFileType = sourcecode.swift; path = "GameService+Sport.swift"; sourceTree = "<group>"; };
		6A1F6969B88BCA1A9BE77195 /* GameService.swift */ = {isa = PBXFileReference; lastKnownFileType = sourcecode.swift; path = GameService.swift; sourceTree = "<group>"; };
		6ACE9E28CF90E65E163287C1 /* ExerciseTimerModelTests.swift */ = {isa = PBXFileReference; lastKnownFileType = sourcecode.swift; path = ExerciseTimerModelTests.swift; sourceTree = "<group>"; };
		7900354E6B00D231F84DEFD2 /* SplashView.swift */ = {isa = PBXFileReference; lastKnownFileType = sourcecode.swift; path = SplashView.swift; sourceTree = "<group>"; };
		7C31C4F7D1AD90033A56B5C9 /* DailySessionCard.swift */ = {isa = PBXFileReference; lastKnownFileType = sourcecode.swift; path = DailySessionCard.swift; sourceTree = "<group>"; };
		7FD0D49D1E0B2314767BA85A /* DayCloser.swift */ = {isa = PBXFileReference; lastKnownFileType = sourcecode.swift; path = DayCloser.swift; sourceTree = "<group>"; };
		83A4DCCA0A5474334D59C73C /* NivelCore */ = {isa = PBXFileReference; lastKnownFileType = folder; name = NivelCore; path = NivelCore; sourceTree = SOURCE_ROOT; };
		848BA4571516E35FCEA2402D /* SettingsView.swift */ = {isa = PBXFileReference; lastKnownFileType = sourcecode.swift; path = SettingsView.swift; sourceTree = "<group>"; };
		86CFA32802959F33180BCCFD /* PosturePlanSettings.swift */ = {isa = PBXFileReference; lastKnownFileType = sourcecode.swift; path = PosturePlanSettings.swift; sourceTree = "<group>"; };
		88DF803E54753D174CB0E654 /* MealLoggingTests.swift */ = {isa = PBXFileReference; lastKnownFileType = sourcecode.swift; path = MealLoggingTests.swift; sourceTree = "<group>"; };
		89A915194925D9D5C1194AFD /* Info.plist */ = {isa = PBXFileReference; lastKnownFileType = text.plist; path = Info.plist; sourceTree = "<group>"; };
		8E2385787BD003A25BF9AC5C /* NivelWidgetProvider.swift */ = {isa = PBXFileReference; lastKnownFileType = sourcecode.swift; path = NivelWidgetProvider.swift; sourceTree = "<group>"; };
		9782153DD5F0B9BABA5132F1 /* Theme.swift */ = {isa = PBXFileReference; lastKnownFileType = sourcecode.swift; path = Theme.swift; sourceTree = "<group>"; };
		9A75857CFA83CD2BBC7B811A /* WidgetBridge.swift */ = {isa = PBXFileReference; lastKnownFileType = sourcecode.swift; path = WidgetBridge.swift; sourceTree = "<group>"; };
		9D23EC46E843C0AB08C1D436 /* IconAssetsTests.swift */ = {isa = PBXFileReference; lastKnownFileType = sourcecode.swift; path = IconAssetsTests.swift; sourceTree = "<group>"; };
		A694B98073276CD2FA798820 /* MealsJournalView.swift */ = {isa = PBXFileReference; lastKnownFileType = sourcecode.swift; path = MealsJournalView.swift; sourceTree = "<group>"; };
		A6D09557663FBEA7185F1839 /* HomeView.swift */ = {isa = PBXFileReference; lastKnownFileType = sourcecode.swift; path = HomeView.swift; sourceTree = "<group>"; };
		A6EDCC1A6BBE5494E9031FF3 /* Assets.xcassets */ = {isa = PBXFileReference; lastKnownFileType = folder.assetcatalog; path = Assets.xcassets; sourceTree = "<group>"; };
		A79570BB8A6B99B6D9314323 /* TimerRingView.swift */ = {isa = PBXFileReference; lastKnownFileType = sourcecode.swift; path = TimerRingView.swift; sourceTree = "<group>"; };
		A8FFFFAF3CE543D7BDA7BAB9 /* SportIllustration.swift */ = {isa = PBXFileReference; lastKnownFileType = sourcecode.swift; path = SportIllustration.swift; sourceTree = "<group>"; };
		ABEDC772C4F515AF32D0B650 /* SpeechBubble.swift */ = {isa = PBXFileReference; lastKnownFileType = sourcecode.swift; path = SpeechBubble.swift; sourceTree = "<group>"; };
		AFDC8767D0FD08A6F1C258C5 /* AccessoryWidgetViews.swift */ = {isa = PBXFileReference; lastKnownFileType = sourcecode.swift; path = AccessoryWidgetViews.swift; sourceTree = "<group>"; };
		B1E734571AD23AE4CDC74D01 /* NotificationService.swift */ = {isa = PBXFileReference; lastKnownFileType = sourcecode.swift; path = NotificationService.swift; sourceTree = "<group>"; };
		B37125EC31AFA6210CB0108D /* PrivacyInfo.xcprivacy */ = {isa = PBXFileReference; path = PrivacyInfo.xcprivacy; sourceTree = "<group>"; };
		B501D130466BA533B52476E1 /* WidgetSyncTests.swift */ = {isa = PBXFileReference; lastKnownFileType = sourcecode.swift; path = WidgetSyncTests.swift; sourceTree = "<group>"; };
		B6F84F79AE6532FA5B518716 /* ScreenshotSupport.swift */ = {isa = PBXFileReference; lastKnownFileType = sourcecode.swift; path = ScreenshotSupport.swift; sourceTree = "<group>"; };
		B96415D84EF698197C100E80 /* WeightChart.swift */ = {isa = PBXFileReference; lastKnownFileType = sourcecode.swift; path = WeightChart.swift; sourceTree = "<group>"; };
		BCBB38120226BC151CACEE2B /* CalorieRing.swift */ = {isa = PBXFileReference; lastKnownFileType = sourcecode.swift; path = CalorieRing.swift; sourceTree = "<group>"; };
		C2F1F7C3748561A5F2562708 /* NivelWidgets.entitlements */ = {isa = PBXFileReference; lastKnownFileType = text.plist.entitlements; path = NivelWidgets.entitlements; sourceTree = "<group>"; };
		C469C8E725B6F5111FEA5290 /* SoundPlayerTests.swift */ = {isa = PBXFileReference; lastKnownFileType = sourcecode.swift; path = SoundPlayerTests.swift; sourceTree = "<group>"; };
		C5D7F6B85908405A6B6F609C /* HomeDashboardTests.swift */ = {isa = PBXFileReference; lastKnownFileType = sourcecode.swift; path = HomeDashboardTests.swift; sourceTree = "<group>"; };
		C658D5A942C3A751271B8BBD /* NivelWidgets.appex */ = {isa = PBXFileReference; includeInIndex = 0; lastKnownFileType = "wrapper.app-extension"; path = NivelWidgets.appex; sourceTree = BUILT_PRODUCTS_DIR; };
		C6B269DD24BE6B62E7DD967A /* LevelUpView.swift */ = {isa = PBXFileReference; lastKnownFileType = sourcecode.swift; path = LevelUpView.swift; sourceTree = "<group>"; };
		C7115C94A90C02E4FB6B9B24 /* TimerChime+App.swift */ = {isa = PBXFileReference; lastKnownFileType = sourcecode.swift; path = "TimerChime+App.swift"; sourceTree = "<group>"; };
		C75615282503FC8044658A28 /* DayCloserTests.swift */ = {isa = PBXFileReference; lastKnownFileType = sourcecode.swift; path = DayCloserTests.swift; sourceTree = "<group>"; };
		C923A46DDC21834AB6E06D1B /* NivelitoView.swift */ = {isa = PBXFileReference; lastKnownFileType = sourcecode.swift; path = NivelitoView.swift; sourceTree = "<group>"; };
		C9AB33328B42B0A39E65B608 /* NivelTests.xctest */ = {isa = PBXFileReference; includeInIndex = 0; lastKnownFileType = wrapper.cfbundle; path = NivelTests.xctest; sourceTree = BUILT_PRODUCTS_DIR; };
		D49A890D862F2479B8A7C2E0 /* WidgetCalorieRing.swift */ = {isa = PBXFileReference; lastKnownFileType = sourcecode.swift; path = WidgetCalorieRing.swift; sourceTree = "<group>"; };
		D9245CF3C47048DB9D88C2E5 /* StatCard.swift */ = {isa = PBXFileReference; lastKnownFileType = sourcecode.swift; path = StatCard.swift; sourceTree = "<group>"; };
		DC2CFCDDF307B46E6407F604 /* MealLineDetailView.swift */ = {isa = PBXFileReference; lastKnownFileType = sourcecode.swift; path = MealLineDetailView.swift; sourceTree = "<group>"; };
		DC82896D117DA2A2662EAF3A /* DeepLinkTests.swift */ = {isa = PBXFileReference; lastKnownFileType = sourcecode.swift; path = DeepLinkTests.swift; sourceTree = "<group>"; };
		DEA9C805AF5775DBC7B1116A /* CaloriesChart.swift */ = {isa = PBXFileReference; lastKnownFileType = sourcecode.swift; path = CaloriesChart.swift; sourceTree = "<group>"; };
		DEB8CD41FD23E7C73BB3986B /* QuestsView.swift */ = {isa = PBXFileReference; lastKnownFileType = sourcecode.swift; path = QuestsView.swift; sourceTree = "<group>"; };
		E09E879085373214B880F1CB /* NivelUITests.xctest */ = {isa = PBXFileReference; includeInIndex = 0; lastKnownFileType = wrapper.cfbundle; path = NivelUITests.xctest; sourceTree = BUILT_PRODUCTS_DIR; };
		E59866C500AE8AE430E9AE18 /* StepsChart.swift */ = {isa = PBXFileReference; lastKnownFileType = sourcecode.swift; path = StepsChart.swift; sourceTree = "<group>"; };
		E7E30CFE8A8CCC934374688F /* SessionPlayerTests.swift */ = {isa = PBXFileReference; lastKnownFileType = sourcecode.swift; path = SessionPlayerTests.swift; sourceTree = "<group>"; };
		E840C37923218C1DC6C0614D /* Formatting.swift */ = {isa = PBXFileReference; lastKnownFileType = sourcecode.swift; path = Formatting.swift; sourceTree = "<group>"; };
		EA9815E4BFFB49808FA9B128 /* GameServiceTests.swift */ = {isa = PBXFileReference; lastKnownFileType = sourcecode.swift; path = GameServiceTests.swift; sourceTree = "<group>"; };
		EEDF577602FF64CA42D65A8F /* SourcesView.swift */ = {isa = PBXFileReference; lastKnownFileType = sourcecode.swift; path = SourcesView.swift; sourceTree = "<group>"; };
		EEF1380E0A63B78349E2FE6D /* SoundPlayer.swift */ = {isa = PBXFileReference; lastKnownFileType = sourcecode.swift; path = SoundPlayer.swift; sourceTree = "<group>"; };
		F61A0C215E7AF8D8BAB3D8A4 /* SystemWidgetViews.swift */ = {isa = PBXFileReference; lastKnownFileType = sourcecode.swift; path = SystemWidgetViews.swift; sourceTree = "<group>"; };
		F98388DCCE812FDB6EB3F5D5 /* ActivityLogSheet.swift */ = {isa = PBXFileReference; lastKnownFileType = sourcecode.swift; path = ActivityLogSheet.swift; sourceTree = "<group>"; };
/* End PBXFileReference section */

/* Begin PBXFrameworksBuildPhase section */
		2DB7939AB8DDE890AC05393F /* Frameworks */ = {
			isa = PBXFrameworksBuildPhase;
			buildActionMask = 2147483647;
			files = (
				E798FE183A61FFB80A6842BC /* NivelCore in Frameworks */,
			);
			runOnlyForDeploymentPostprocessing = 0;
		};
		D58D6C950BD27C805AE3E732 /* Frameworks */ = {
			isa = PBXFrameworksBuildPhase;
			buildActionMask = 2147483647;
			files = (
				391EAD8EC7FF0C0A74A634D5 /* NivelCore in Frameworks */,
			);
			runOnlyForDeploymentPostprocessing = 0;
		};
/* End PBXFrameworksBuildPhase section */

/* Begin PBXGroup section */
		052330B4B681C6D505AEDE64 /* Sport */ = {
			isa = PBXGroup;
			children = (
				F98388DCCE812FDB6EB3F5D5 /* ActivityLogSheet.swift */,
				7C31C4F7D1AD90033A56B5C9 /* DailySessionCard.swift */,
				55E620156F52BBF2F9AB3EF1 /* ExerciseTimerModel.swift */,
				5EB2E2BB7C09EE5FBA96D57C /* PostureSection.swift */,
				50D53BF008B271B611966D7C /* SessionPlayerSheet.swift */,
				A8FFFFAF3CE543D7BDA7BAB9 /* SportIllustration.swift */,
				4542B7EDA424C2DF0AF4CD23 /* SportView.swift */,
				C7115C94A90C02E4FB6B9B24 /* TimerChime+App.swift */,
				A79570BB8A6B99B6D9314323 /* TimerRingView.swift */,
			);
			path = Sport;
			sourceTree = "<group>";
		};
		0B4F6F76ABBD14348F01E9E5 /* Progress */ = {
			isa = PBXGroup;
			children = (
				DEA9C805AF5775DBC7B1116A /* CaloriesChart.swift */,
				0EC47BA19967A4B2085299D7 /* ProgressScreen.swift */,
				E59866C500AE8AE430E9AE18 /* StepsChart.swift */,
				079075DA2E6A1C77564F067B /* WeighInSheet.swift */,
				B96415D84EF698197C100E80 /* WeightChart.swift */,
			);
			path = Progress;
			sourceTree = "<group>";
		};
		0E9C852211D6211B94431778 /* Shared */ = {
			isa = PBXGroup;
			children = (
				E840C37923218C1DC6C0614D /* Formatting.swift */,
				660D96E22C32118424F93AC2 /* NivelitoShapes.swift */,
				4E4AF60C635E23219D03138E /* ThemePalette.swift */,
				9A75857CFA83CD2BBC7B811A /* WidgetBridge.swift */,
			);
			path = Shared;
			sourceTree = "<group>";
		};
		1650BF6569EF9968A290ED20 /* Views */ = {
			isa = PBXGroup;
			children = (
				0DFE3142B4FCF840E98BE4C6 /* CozyIcon.swift */,
				8EC26C277A243F8A9AFC391B /* Celebrations */,
				D6279C142D197187DA27FC89 /* Home */,
				F0105491AB027C5B9444D071 /* Meals */,
				C11BEB0DAAA03380C6ACF16B /* Onboarding */,
				0B4F6F76ABBD14348F01E9E5 /* Progress */,
				6D8B05E92C0C472AB7A4E3AA /* Quests */,
				3CCABC2F326C552D11C59080 /* Settings */,
				C3990C32BFA134E789BE524D /* Splash */,
				052330B4B681C6D505AEDE64 /* Sport */,
			);
			path = Views;
			sourceTree = "<group>";
		};
		2A2E4631B3D011283DC0C80E /* Resources */ = {
			isa = PBXGroup;
			children = (
				DE67B534C67DB9E28531D7A3 /* Sounds */,
			);
			path = Resources;
			sourceTree = "<group>";
		};
		3086EF3E7FB64FB4B497C1C6 /* Packages */ = {
			isa = PBXGroup;
			children = (
				83A4DCCA0A5474334D59C73C /* NivelCore */,
			);
			name = Packages;
			sourceTree = "<group>";
		};
		3CCABC2F326C552D11C59080 /* Settings */ = {
			isa = PBXGroup;
			children = (
				848BA4571516E35FCEA2402D /* SettingsView.swift */,
				27D6B63A9C04FD9C8F04CD75 /* SettingsView+DevicePreferences.swift */,
				2876B0755FAF9E69C37EECFF /* SettingsView+Reminders.swift */,
				EEDF577602FF64CA42D65A8F /* SourcesView.swift */,
			);
			path = Settings;
			sourceTree = "<group>";
		};
		4890E7E55C1AB41DACFB1ABA /* Views */ = {
			isa = PBXGroup;
			children = (
				AFDC8767D0FD08A6F1C258C5 /* AccessoryWidgetViews.swift */,
				F61A0C215E7AF8D8BAB3D8A4 /* SystemWidgetViews.swift */,
				D49A890D862F2479B8A7C2E0 /* WidgetCalorieRing.swift */,
				3BF872BC4E82BD67550D3584 /* WidgetNivelito.swift */,
			);
			path = Views;
			sourceTree = "<group>";
		};
		55F522696164C90847F50AEC /* Services */ = {
			isa = PBXGroup;
			children = (
				7FD0D49D1E0B2314767BA85A /* DayCloser.swift */,
				4C4CF000EF99C1C649915C18 /* DeepLink.swift */,
				6A1F6969B88BCA1A9BE77195 /* GameService.swift */,
				6909EF00448EC3D59E1F1401 /* GameService+Sport.swift */,
				46EDFAE59B39F4B1069C0EA0 /* GameService+WidgetSync.swift */,
				2749E47DBFD2A5D89042A89E /* HealthKitService.swift */,
				B1E734571AD23AE4CDC74D01 /* NotificationService.swift */,
				86CFA32802959F33180BCCFD /* PosturePlanSettings.swift */,
				EEF1380E0A63B78349E2FE6D /* SoundPlayer.swift */,
				2F5C481B082D4CC3692BC8FB /* SoundSettings.swift */,
			);
			path = Services;
			sourceTree = "<group>";
		};
		63F7EE8FCCFE2E88E9C06023 /* Models */ = {
			isa = PBXGroup;
			children = (
				2EABBAD095DB88DF009C167B /* PersistentModels.swift */,
			);
			path = Models;
			sourceTree = "<group>";
		};
		6C7D7F98C985D3F16E437E6C /* App */ = {
			isa = PBXGroup;
			children = (
				A6EDCC1A6BBE5494E9031FF3 /* Assets.xcassets */,
				34F99A2EA3F3B3FD6B5FB4AB /* Info.plist */,
				1B870793FACF92E8A3EC300C /* Nivel.entitlements */,
				252E585F67D7801561AA6A8A /* NivelApp.swift */,
				0BB4765E6D2A577C375E88A8 /* PrivacyInfo.xcprivacy */,
				671D6B6E3581A479FFED40C2 /* RootView.swift */,
				9782153DD5F0B9BABA5132F1 /* Theme.swift */,
				63F7EE8FCCFE2E88E9C06023 /* Models */,
				F69825F0205D2F6823977A1F /* Nivelito */,
				2A2E4631B3D011283DC0C80E /* Resources */,
				55F522696164C90847F50AEC /* Services */,
				82DA2DAD5DAAB966747D1C02 /* Support */,
				1650BF6569EF9968A290ED20 /* Views */,
			);
			path = App;
			sourceTree = "<group>";
		};
		6D8B05E92C0C472AB7A4E3AA /* Quests */ = {
			isa = PBXGroup;
			children = (
				DEB8CD41FD23E7C73BB3986B /* QuestsView.swift */,
			);
			path = Quests;
			sourceTree = "<group>";
		};
		82DA2DAD5DAAB966747D1C02 /* Support */ = {
			isa = PBXGroup;
			children = (
				B6F84F79AE6532FA5B518716 /* ScreenshotSupport.swift */,
			);
			path = Support;
			sourceTree = "<group>";
		};
		8EC26C277A243F8A9AFC391B /* Celebrations */ = {
			isa = PBXGroup;
			children = (
				2333A9029C3BCBFBBF4FB976 /* CelebrationsHost.swift */,
				C6B269DD24BE6B62E7DD967A /* LevelUpView.swift */,
			);
			path = Celebrations;
			sourceTree = "<group>";
		};
		9C16FE7DAAB4E790B8D3E256 /* Widgets */ = {
			isa = PBXGroup;
			children = (
				89A915194925D9D5C1194AFD /* Info.plist */,
				8E2385787BD003A25BF9AC5C /* NivelWidgetProvider.swift */,
				C2F1F7C3748561A5F2562708 /* NivelWidgets.entitlements */,
				0F1E6C3704AFDDD3972C4384 /* NivelWidgets.swift */,
				B37125EC31AFA6210CB0108D /* PrivacyInfo.xcprivacy */,
				4890E7E55C1AB41DACFB1ABA /* Views */,
			);
			path = Widgets;
			sourceTree = "<group>";
		};
		BFF6958B815AC1E48D671C2E = {
			isa = PBXGroup;
			children = (
				6C7D7F98C985D3F16E437E6C /* App */,
				D148F81EC70A7990945C04A7 /* NivelTests */,
				F531915AE68BB3058A561BAA /* NivelUITests */,
				3086EF3E7FB64FB4B497C1C6 /* Packages */,
				0E9C852211D6211B94431778 /* Shared */,
				9C16FE7DAAB4E790B8D3E256 /* Widgets */,
				D7AB301520ABEA23F8475A93 /* Products */,
			);
			sourceTree = "<group>";
		};
		C11BEB0DAAA03380C6ACF16B /* Onboarding */ = {
			isa = PBXGroup;
			children = (
				16A07EB6FBC6FCF23B97D21B /* OnboardingFlow.swift */,
			);
			path = Onboarding;
			sourceTree = "<group>";
		};
		C3990C32BFA134E789BE524D /* Splash */ = {
			isa = PBXGroup;
			children = (
				7900354E6B00D231F84DEFD2 /* SplashView.swift */,
			);
			path = Splash;
			sourceTree = "<group>";
		};
		D148F81EC70A7990945C04A7 /* NivelTests */ = {
			isa = PBXGroup;
			children = (
				46AB1204E0C482A88E0531BA /* ActivityLogSheetTests.swift */,
				67EB506351740B5EC992E309 /* AppSmokeTests.swift */,
				C75615282503FC8044658A28 /* DayCloserTests.swift */,
				DC82896D117DA2A2662EAF3A /* DeepLinkTests.swift */,
				6ACE9E28CF90E65E163287C1 /* ExerciseTimerModelTests.swift */,
				EA9815E4BFFB49808FA9B128 /* GameServiceTests.swift */,
				C5D7F6B85908405A6B6F609C /* HomeDashboardTests.swift */,
				9D23EC46E843C0AB08C1D436 /* IconAssetsTests.swift */,
				88DF803E54753D174CB0E654 /* MealLoggingTests.swift */,
				213BA90A0D04CBB6102E11CA /* OnboardingIdentityTests.swift */,
				1CEF612545C16E3249D319E7 /* PosturePlanTests.swift */,
				0F0A25ADDD52927515408A2F /* ProfileNameSettingsTests.swift */,
				37AB881695F3E7346D401D38 /* ReminderSettingsTests.swift */,
				E7E30CFE8A8CCC934374688F /* SessionPlayerTests.swift */,
				544B9CEDBA3774256FB86048 /* SoundAssetsTests.swift */,
				C469C8E725B6F5111FEA5290 /* SoundPlayerTests.swift */,
				57C19036F8CCE4109F70DE13 /* SoundSettingsTests.swift */,
				586A1B038D76EC763A7DED99 /* SportAssetsTests.swift */,
				2E79A5C4755FBC1F48C875DF /* SportServiceTests.swift */,
				4D61F97EB25C7DADAAAED923 /* ThemeStoreTests.swift */,
				B501D130466BA533B52476E1 /* WidgetSyncTests.swift */,
			);
			path = NivelTests;
			sourceTree = "<group>";
		};
		D6279C142D197187DA27FC89 /* Home */ = {
			isa = PBXGroup;
			children = (
				BCBB38120226BC151CACEE2B /* CalorieRing.swift */,
				A6D09557663FBEA7185F1839 /* HomeView.swift */,
				D9245CF3C47048DB9D88C2E5 /* StatCard.swift */,
				02D37C5B43BABA7C97A669DA /* XPBar.swift */,
			);
			path = Home;
			sourceTree = "<group>";
		};
		D7AB301520ABEA23F8475A93 /* Products */ = {
			isa = PBXGroup;
			children = (
				458C2EFDE5A8833EB80D2F5C /* Nivel.app */,
				C9AB33328B42B0A39E65B608 /* NivelTests.xctest */,
				E09E879085373214B880F1CB /* NivelUITests.xctest */,
				C658D5A942C3A751271B8BBD /* NivelWidgets.appex */,
			);
			name = Products;
			sourceTree = "<group>";
		};
		DE67B534C67DB9E28531D7A3 /* Sounds */ = {
			isa = PBXGroup;
			children = (
				0A1C7019B6613E1DDDAB872E /* timer_done.caf */,
				1B9B9196CD68143267D66D54 /* timer_step.caf */,
			);
			path = Sounds;
			sourceTree = "<group>";
		};
		F0105491AB027C5B9444D071 /* Meals */ = {
			isa = PBXGroup;
			children = (
				26FB42173B80889E3B0D55CE /* FoodCatalogView.swift */,
				3B3412AFA14494C601193A76 /* MealBasketView.swift */,
				DC2CFCDDF307B46E6407F604 /* MealLineDetailView.swift */,
				5A3D92F71CC93D99201C361E /* MealLogSheet.swift */,
				A694B98073276CD2FA798820 /* MealsJournalView.swift */,
			);
			path = Meals;
			sourceTree = "<group>";
		};
		F531915AE68BB3058A561BAA /* NivelUITests */ = {
			isa = PBXGroup;
			children = (
				2B761F597D77ACFC3EB2A43F /* PreviewTour.swift */,
			);
			path = NivelUITests;
			sourceTree = "<group>";
		};
		F69825F0205D2F6823977A1F /* Nivelito */ = {
			isa = PBXGroup;
			children = (
				C923A46DDC21834AB6E06D1B /* NivelitoView.swift */,
				ABEDC772C4F515AF32D0B650 /* SpeechBubble.swift */,
			);
			path = Nivelito;
			sourceTree = "<group>";
		};
/* End PBXGroup section */

/* Begin PBXNativeTarget section */
		09695F076F39A7E9B9202E73 /* NivelUITests */ = {
			isa = PBXNativeTarget;
			buildConfigurationList = D753B824792C7F7F8171006A /* Build configuration list for PBXNativeTarget "NivelUITests" */;
			buildPhases = (
				3BCA5FFD74E52AD688D8B330 /* Sources */,
			);
			buildRules = (
			);
			dependencies = (
				92834F8014628964F1711B6A /* PBXTargetDependency */,
			);
			name = NivelUITests;
			packageProductDependencies = (
			);
			productName = NivelUITests;
			productReference = E09E879085373214B880F1CB /* NivelUITests.xctest */;
			productType = "com.apple.product-type.bundle.ui-testing";
		};
		11AE6BF7C657676797D2A148 /* NivelWidgets */ = {
			isa = PBXNativeTarget;
			buildConfigurationList = EB3BF924C955C8251F2082AD /* Build configuration list for PBXNativeTarget "NivelWidgets" */;
			buildPhases = (
				6AE2EA4C84B20487B0D5B619 /* Sources */,
				45B63CC0914BE7FCC6C6C029 /* Resources */,
				2DB7939AB8DDE890AC05393F /* Frameworks */,
			);
			buildRules = (
			);
			dependencies = (
			);
			name = NivelWidgets;
			packageProductDependencies = (
				9E90148A545B2C16C0326922 /* NivelCore */,
			);
			productName = NivelWidgets;
			productReference = C658D5A942C3A751271B8BBD /* NivelWidgets.appex */;
			productType = "com.apple.product-type.app-extension";
		};
		75F9E279A12A830E33238A0B /* Nivel */ = {
			isa = PBXNativeTarget;
			buildConfigurationList = 3197E686F23E9F45A269CDE6 /* Build configuration list for PBXNativeTarget "Nivel" */;
			buildPhases = (
				16393D940E29D85B066DC4BC /* Sources */,
				135C90D892911A980C9F51AF /* Resources */,
				D58D6C950BD27C805AE3E732 /* Frameworks */,
				6B061F2D7BD4922606F5AC40 /* Embed Foundation Extensions */,
			);
			buildRules = (
			);
			dependencies = (
				A2311267ED7C01EFA54C9C0A /* PBXTargetDependency */,
			);
			name = Nivel;
			packageProductDependencies = (
				B88CBBE48B3261367C1BD66E /* NivelCore */,
			);
			productName = Nivel;
			productReference = 458C2EFDE5A8833EB80D2F5C /* Nivel.app */;
			productType = "com.apple.product-type.application";
		};
		8FDBDF29CEF0DF64A2106A52 /* NivelTests */ = {
			isa = PBXNativeTarget;
			buildConfigurationList = EF80D40966584D66EEABCDC3 /* Build configuration list for PBXNativeTarget "NivelTests" */;
			buildPhases = (
				A033EE4E1D5B9DB6AF2E1A42 /* Sources */,
			);
			buildRules = (
			);
			dependencies = (
				35B177CC73F05313AF815BF0 /* PBXTargetDependency */,
			);
			name = NivelTests;
			packageProductDependencies = (
			);
			productName = NivelTests;
			productReference = C9AB33328B42B0A39E65B608 /* NivelTests.xctest */;
			productType = "com.apple.product-type.bundle.unit-test";
		};
/* End PBXNativeTarget section */

/* Begin PBXProject section */
		04E8B4E936966D5E7CBCE2A4 /* Project object */ = {
			isa = PBXProject;
			attributes = {
				BuildIndependentTargetsInParallel = YES;
				LastUpgradeCheck = 1430;
				TargetAttributes = {
					09695F076F39A7E9B9202E73 = {
						TestTargetID = 75F9E279A12A830E33238A0B;
					};
					11AE6BF7C657676797D2A148 = {
						DevelopmentTeam = AXVF69V3LL;
					};
					75F9E279A12A830E33238A0B = {
						DevelopmentTeam = AXVF69V3LL;
					};
				};
			};
			buildConfigurationList = 6D59E3BA22F6B18CD1F33C4D /* Build configuration list for PBXProject "Nivel" */;
			developmentRegion = en;
			hasScannedForEncodings = 0;
			knownRegions = (
				Base,
				en,
			);
			mainGroup = BFF6958B815AC1E48D671C2E;
			minimizedProjectReferenceProxies = 1;
			packageReferences = (
				7A9C36BC65A1C4D06724DB70 /* XCLocalSwiftPackageReference "NivelCore" */,
			);
			preferredProjectObjectVersion = 77;
			productRefGroup = D7AB301520ABEA23F8475A93 /* Products */;
			projectDirPath = "";
			projectRoot = "";
			targets = (
				75F9E279A12A830E33238A0B /* Nivel */,
				11AE6BF7C657676797D2A148 /* NivelWidgets */,
				8FDBDF29CEF0DF64A2106A52 /* NivelTests */,
				09695F076F39A7E9B9202E73 /* NivelUITests */,
			);
		};
/* End PBXProject section */

/* Begin PBXResourcesBuildPhase section */
		135C90D892911A980C9F51AF /* Resources */ = {
			isa = PBXResourcesBuildPhase;
			buildActionMask = 2147483647;
			files = (
				53931F6D56ACB48CD78C092D /* Assets.xcassets in Resources */,
				6BB5B3818639E1B3256D9368 /* PrivacyInfo.xcprivacy in Resources */,
				3CC9129E5468CBA81B557299 /* timer_done.caf in Resources */,
				D3ECBB03492F7180F08F3040 /* timer_step.caf in Resources */,
			);
			runOnlyForDeploymentPostprocessing = 0;
		};
		45B63CC0914BE7FCC6C6C029 /* Resources */ = {
			isa = PBXResourcesBuildPhase;
			buildActionMask = 2147483647;
			files = (
				702598BDC0DD4C224F4D4313 /* PrivacyInfo.xcprivacy in Resources */,
			);
			runOnlyForDeploymentPostprocessing = 0;
		};
/* End PBXResourcesBuildPhase section */

/* Begin PBXSourcesBuildPhase section */
		16393D940E29D85B066DC4BC /* Sources */ = {
			isa = PBXSourcesBuildPhase;
			buildActionMask = 2147483647;
			files = (
				4CE4E454AA136D82709CEB76 /* ActivityLogSheet.swift in Sources */,
				DBA75C60C34D6D51CBD43CF2 /* CalorieRing.swift in Sources */,
				E16F69EA211C733A1361FF9B /* CaloriesChart.swift in Sources */,
				57A40EADB63F64054A4795D7 /* CelebrationsHost.swift in Sources */,
				E7D4FDE0DBF28A9F40684FD8 /* CozyIcon.swift in Sources */,
				ED5AFB7FD6AEF575784BC71B /* DailySessionCard.swift in Sources */,
				13D330D2A60DD0F8D3900C60 /* DayCloser.swift in Sources */,
				8CAC8E0E20A72CB51487666F /* DeepLink.swift in Sources */,
				B130D8C2B4A0878C4D419DA2 /* ExerciseTimerModel.swift in Sources */,
				5D4D67FBBA062126EF9E6359 /* FoodCatalogView.swift in Sources */,
				F68D24A45D81DC3DAE52A757 /* Formatting.swift in Sources */,
				5A7B97883F447747C5AC4269 /* GameService+Sport.swift in Sources */,
				1FF19C44AD93A713440F748D /* GameService+WidgetSync.swift in Sources */,
				FDCB8202104609DE46003A7A /* GameService.swift in Sources */,
				FF12E9FD2218E9B1A09DFA9A /* HealthKitService.swift in Sources */,
				83A569C9282E797637B0C790 /* HomeView.swift in Sources */,
				AC058589EEDA0F462DF1730B /* LevelUpView.swift in Sources */,
				1F43357BA9FC3C15EC018C56 /* MealBasketView.swift in Sources */,
				E9A68E7BA32F2904CD7072B6 /* MealLineDetailView.swift in Sources */,
				54786F0394B67DE901FD1C19 /* MealLogSheet.swift in Sources */,
				ECBE1CB18EBCE075EFFAE24B /* MealsJournalView.swift in Sources */,
				6E6D79EE6AB41491A6FAEEA8 /* NivelApp.swift in Sources */,
				1D1E36C74A9B09A9D1678F59 /* NivelitoShapes.swift in Sources */,
				5A40096E1BB5A7713251D5C1 /* NivelitoView.swift in Sources */,
				D4DBCCCBE3F53C8F8882CC95 /* NotificationService.swift in Sources */,
				DAAD239CC8C1DACA809A05DF /* OnboardingFlow.swift in Sources */,
				98FFD55FB53DB28F24DFA336 /* PersistentModels.swift in Sources */,
				BF2B37358A89A407B1136563 /* PosturePlanSettings.swift in Sources */,
				7C0FE31A8625D00828C0C868 /* PostureSection.swift in Sources */,
				D1BD49D8E5F9A80EF5BA6E15 /* ProgressScreen.swift in Sources */,
				7B7AB02CBD9C581DF46CF251 /* QuestsView.swift in Sources */,
				CA44B39964325597C05E92A6 /* RootView.swift in Sources */,
				8EF6D46C5AB6BC94B4B0610E /* ScreenshotSupport.swift in Sources */,
				44E73F722094C06855E93916 /* SessionPlayerSheet.swift in Sources */,
				2E84FFC862B46AF4F65B9EC0 /* SettingsView+DevicePreferences.swift in Sources */,
				C5F456A98B8DC00057306084 /* SettingsView+Reminders.swift in Sources */,
				4D8808457DFA6F3A174B20C3 /* SettingsView.swift in Sources */,
				B7F10BCE3A130F18F93DBC46 /* SoundPlayer.swift in Sources */,
				9E40875FA751C9A4CEDC7FDC /* SoundSettings.swift in Sources */,
				6F3C3DC2FE9892204DEA09CF /* SourcesView.swift in Sources */,
				8F7261B03BB53E975D11918B /* SpeechBubble.swift in Sources */,
				61E2605647D0942C07D4ED9D /* SplashView.swift in Sources */,
				A8F3FF34B7D7CB7770F78CDF /* SportIllustration.swift in Sources */,
				93AED358242CE2BD999D1419 /* SportView.swift in Sources */,
				CCA2B60504058665BBC05DF7 /* StatCard.swift in Sources */,
				0E3F3E145790081DBCB96DFC /* StepsChart.swift in Sources */,
				1B36CC033AB07BEB581D664D /* Theme.swift in Sources */,
				FB9F1654D2AFF306E24D59CF /* ThemePalette.swift in Sources */,
				4E7AE9FDA9DA5EBB0BAD876E /* TimerChime+App.swift in Sources */,
				FE4A11B0B48A1B381C926EC7 /* TimerRingView.swift in Sources */,
				E9E07644DA5B531E655EFC74 /* WeighInSheet.swift in Sources */,
				8FF011930BD1D837FABD72BD /* WeightChart.swift in Sources */,
				C57910A2F19CC7C8B8FC2E4E /* WidgetBridge.swift in Sources */,
				75ADB553C3E21774DAF18E6A /* XPBar.swift in Sources */,
			);
			runOnlyForDeploymentPostprocessing = 0;
		};
		3BCA5FFD74E52AD688D8B330 /* Sources */ = {
			isa = PBXSourcesBuildPhase;
			buildActionMask = 2147483647;
			files = (
				8A961A5E51AADE69A6472F3E /* PreviewTour.swift in Sources */,
			);
			runOnlyForDeploymentPostprocessing = 0;
		};
		6AE2EA4C84B20487B0D5B619 /* Sources */ = {
			isa = PBXSourcesBuildPhase;
			buildActionMask = 2147483647;
			files = (
				3823F2CEF73FE2E0AF8B05D6 /* AccessoryWidgetViews.swift in Sources */,
				A9598A7C27939AE025FABCB2 /* Formatting.swift in Sources */,
				4E8C2BBA3CC86D6E72F06955 /* NivelWidgetProvider.swift in Sources */,
				3CD389A424895D03BA0D911B /* NivelWidgets.swift in Sources */,
				E25C6AEB1505C0C69F8CB630 /* NivelitoShapes.swift in Sources */,
				0FAF06974700B656604E7BA8 /* SystemWidgetViews.swift in Sources */,
				5250E4B0045E3F3A037708F2 /* ThemePalette.swift in Sources */,
				A092FB1BE78830552301E9AE /* WidgetBridge.swift in Sources */,
				C4741F7A70E605F1FC308D14 /* WidgetCalorieRing.swift in Sources */,
				291CD5438E6A3A57272E0D3D /* WidgetNivelito.swift in Sources */,
			);
			runOnlyForDeploymentPostprocessing = 0;
		};
		A033EE4E1D5B9DB6AF2E1A42 /* Sources */ = {
			isa = PBXSourcesBuildPhase;
			buildActionMask = 2147483647;
			files = (
				74773DF87BFEED9D9D9908E4 /* ActivityLogSheetTests.swift in Sources */,
				5B9E24C6742A771CA6A2B008 /* AppSmokeTests.swift in Sources */,
				7188B6A5F0D1F64AA1F4A91F /* DayCloserTests.swift in Sources */,
				AF6529F14A611955ACF3E30C /* DeepLinkTests.swift in Sources */,
				3BFDE41276406C8417A234F4 /* ExerciseTimerModelTests.swift in Sources */,
				9AAC11CD2DCE67EF87514452 /* GameServiceTests.swift in Sources */,
				43B794C252D4FF54C8BFAB8C /* HomeDashboardTests.swift in Sources */,
				0185ED5CBF4E4F62BDFFDD64 /* IconAssetsTests.swift in Sources */,
				E3B6801717F7DF059E2DD29C /* MealLoggingTests.swift in Sources */,
				059EE6DBE7DF77207ED03B69 /* OnboardingIdentityTests.swift in Sources */,
				0C26B3C24DAA2E3C25572C08 /* PosturePlanTests.swift in Sources */,
				68FC7AB0B8348D9985A35645 /* ProfileNameSettingsTests.swift in Sources */,
				0375D5C747818288487770AE /* ReminderSettingsTests.swift in Sources */,
				6C70C4250E9621D0CEB183BB /* SessionPlayerTests.swift in Sources */,
				B68B1D038E169E9553B91658 /* SoundAssetsTests.swift in Sources */,
				4419A082321509FEF4A7F929 /* SoundPlayerTests.swift in Sources */,
				6AA7C1B691686E85F81AB3ED /* SoundSettingsTests.swift in Sources */,
				77B49E3992CE52CA8BD6F01A /* SportAssetsTests.swift in Sources */,
				846FB76C89B63E0E8EA18B9F /* SportServiceTests.swift in Sources */,
				54F0635AFE571DA500073C77 /* ThemeStoreTests.swift in Sources */,
				229BF4CEFB8B9929D59ED697 /* WidgetSyncTests.swift in Sources */,
			);
			runOnlyForDeploymentPostprocessing = 0;
		};
/* End PBXSourcesBuildPhase section */

/* Begin PBXTargetDependency section */
		35B177CC73F05313AF815BF0 /* PBXTargetDependency */ = {
			isa = PBXTargetDependency;
			target = 75F9E279A12A830E33238A0B /* Nivel */;
			targetProxy = CB5119286F40B24428A37ADF /* PBXContainerItemProxy */;
		};
		92834F8014628964F1711B6A /* PBXTargetDependency */ = {
			isa = PBXTargetDependency;
			target = 75F9E279A12A830E33238A0B /* Nivel */;
			targetProxy = 534038DADC5684B9DF721AEC /* PBXContainerItemProxy */;
		};
		A2311267ED7C01EFA54C9C0A /* PBXTargetDependency */ = {
			isa = PBXTargetDependency;
			target = 11AE6BF7C657676797D2A148 /* NivelWidgets */;
			targetProxy = 44B18F77E53BE4786591C54F /* PBXContainerItemProxy */;
		};
/* End PBXTargetDependency section */

/* Begin XCBuildConfiguration section */
		432A69B941119C7CECF998F0 /* Release */ = {
			isa = XCBuildConfiguration;
			buildSettings = {
				BUNDLE_LOADER = "$(TEST_HOST)";
				GENERATE_INFOPLIST_FILE = YES;
				LD_RUNPATH_SEARCH_PATHS = (
					"$(inherited)",
					"@executable_path/Frameworks",
					"@loader_path/Frameworks",
				);
				PRODUCT_BUNDLE_IDENTIFIER = com.elitedangereuse.NivelUITests;
				SDKROOT = iphoneos;
				TARGETED_DEVICE_FAMILY = "1,2";
				TEST_TARGET_NAME = Nivel;
			};
			name = Release;
		};
		57D9D36D439461EC8FA85191 /* Release */ = {
			isa = XCBuildConfiguration;
			buildSettings = {
				ALWAYS_SEARCH_USER_PATHS = NO;
				CLANG_ANALYZER_NONNULL = YES;
				CLANG_ANALYZER_NUMBER_OBJECT_CONVERSION = YES_AGGRESSIVE;
				CLANG_CXX_LANGUAGE_STANDARD = "gnu++14";
				CLANG_CXX_LIBRARY = "libc++";
				CLANG_ENABLE_MODULES = YES;
				CLANG_ENABLE_OBJC_ARC = YES;
				CLANG_ENABLE_OBJC_WEAK = YES;
				CLANG_WARN_BLOCK_CAPTURE_AUTORELEASING = YES;
				CLANG_WARN_BOOL_CONVERSION = YES;
				CLANG_WARN_COMMA = YES;
				CLANG_WARN_CONSTANT_CONVERSION = YES;
				CLANG_WARN_DEPRECATED_OBJC_IMPLEMENTATIONS = YES;
				CLANG_WARN_DIRECT_OBJC_ISA_USAGE = YES_ERROR;
				CLANG_WARN_DOCUMENTATION_COMMENTS = YES;
				CLANG_WARN_EMPTY_BODY = YES;
				CLANG_WARN_ENUM_CONVERSION = YES;
				CLANG_WARN_INFINITE_RECURSION = YES;
				CLANG_WARN_INT_CONVERSION = YES;
				CLANG_WARN_NON_LITERAL_NULL_CONVERSION = YES;
				CLANG_WARN_OBJC_IMPLICIT_RETAIN_SELF = YES;
				CLANG_WARN_OBJC_LITERAL_CONVERSION = YES;
				CLANG_WARN_OBJC_ROOT_CLASS = YES_ERROR;
				CLANG_WARN_QUOTED_INCLUDE_IN_FRAMEWORK_HEADER = YES;
				CLANG_WARN_RANGE_LOOP_ANALYSIS = YES;
				CLANG_WARN_STRICT_PROTOTYPES = YES;
				CLANG_WARN_SUSPICIOUS_MOVE = YES;
				CLANG_WARN_UNGUARDED_AVAILABILITY = YES_AGGRESSIVE;
				CLANG_WARN_UNREACHABLE_CODE = YES;
				CLANG_WARN__DUPLICATE_METHOD_MATCH = YES;
				COPY_PHASE_STRIP = NO;
				DEBUG_INFORMATION_FORMAT = "dwarf-with-dsym";
				ENABLE_NS_ASSERTIONS = NO;
				ENABLE_STRICT_OBJC_MSGSEND = YES;
				GCC_C_LANGUAGE_STANDARD = gnu11;
				GCC_NO_COMMON_BLOCKS = YES;
				GCC_WARN_64_TO_32_BIT_CONVERSION = YES;
				GCC_WARN_ABOUT_RETURN_TYPE = YES_ERROR;
				GCC_WARN_UNDECLARED_SELECTOR = YES;
				GCC_WARN_UNINITIALIZED_AUTOS = YES_AGGRESSIVE;
				GCC_WARN_UNUSED_FUNCTION = YES;
				GCC_WARN_UNUSED_VARIABLE = YES;
				IPHONEOS_DEPLOYMENT_TARGET = 17.0;
				MTL_ENABLE_DEBUG_INFO = NO;
				MTL_FAST_MATH = YES;
				PRODUCT_NAME = "$(TARGET_NAME)";
				SDKROOT = iphoneos;
				SWIFT_COMPILATION_MODE = wholemodule;
				SWIFT_OPTIMIZATION_LEVEL = "-O";
				SWIFT_VERSION = 5.0;
			};
			name = Release;
		};
		5B0F8DDC8C507B5E40FE63C2 /* Debug */ = {
			isa = XCBuildConfiguration;
			buildSettings = {
				ASSETCATALOG_COMPILER_APPICON_NAME = AppIcon;
				CODE_SIGN_ENTITLEMENTS = App/Nivel.entitlements;
				CODE_SIGN_IDENTITY = "iPhone Developer";
				DEVELOPMENT_TEAM = AXVF69V3LL;
				INFOPLIST_FILE = App/Info.plist;
				LD_RUNPATH_SEARCH_PATHS = (
					"$(inherited)",
					"@executable_path/Frameworks",
				);
				PRODUCT_BUNDLE_IDENTIFIER = com.elitedangereuse.Nivel;
				SDKROOT = iphoneos;
				TARGETED_DEVICE_FAMILY = 1;
			};
			name = Debug;
		};
		6EDCE7A4A042C9654A6BC26F /* Debug */ = {
			isa = XCBuildConfiguration;
			buildSettings = {
				BUNDLE_LOADER = "$(TEST_HOST)";
				GENERATE_INFOPLIST_FILE = YES;
				LD_RUNPATH_SEARCH_PATHS = (
					"$(inherited)",
					"@executable_path/Frameworks",
					"@loader_path/Frameworks",
				);
				PRODUCT_BUNDLE_IDENTIFIER = com.elitedangereuse.NivelUITests;
				SDKROOT = iphoneos;
				TARGETED_DEVICE_FAMILY = "1,2";
				TEST_TARGET_NAME = Nivel;
			};
			name = Debug;
		};
		96F8A22F0A393B2B5FED0806 /* Release */ = {
			isa = XCBuildConfiguration;
			buildSettings = {
				BUNDLE_LOADER = "$(TEST_HOST)";
				GENERATE_INFOPLIST_FILE = YES;
				LD_RUNPATH_SEARCH_PATHS = (
					"$(inherited)",
					"@executable_path/Frameworks",
					"@loader_path/Frameworks",
				);
				PRODUCT_BUNDLE_IDENTIFIER = com.elitedangereuse.NivelTests;
				SDKROOT = iphoneos;
				TARGETED_DEVICE_FAMILY = "1,2";
				TEST_HOST = "$(BUILT_PRODUCTS_DIR)/Nivel.app/Nivel";
			};
			name = Release;
		};
		AA3B4CDE4446D043722CA44D /* Release */ = {
			isa = XCBuildConfiguration;
			buildSettings = {
				ASSETCATALOG_COMPILER_APPICON_NAME = AppIcon;
				CODE_SIGN_ENTITLEMENTS = App/Nivel.entitlements;
				CODE_SIGN_IDENTITY = "iPhone Developer";
				"CODE_SIGN_IDENTITY[sdk=iphoneos*]" = "Apple Distribution";
				CODE_SIGN_STYLE = Manual;
				DEVELOPMENT_TEAM = AXVF69V3LL;
				INFOPLIST_FILE = App/Info.plist;
				LD_RUNPATH_SEARCH_PATHS = (
					"$(inherited)",
					"@executable_path/Frameworks",
				);
				PRODUCT_BUNDLE_IDENTIFIER = com.elitedangereuse.Nivel;
				"PROVISIONING_PROFILE_SPECIFIER[sdk=iphoneos*]" = "Nivel App Store";
				SDKROOT = iphoneos;
				TARGETED_DEVICE_FAMILY = 1;
			};
			name = Release;
		};
		B7FA16B7B1905B2626FF0FDD /* Debug */ = {
			isa = XCBuildConfiguration;
			buildSettings = {
				ALWAYS_SEARCH_USER_PATHS = NO;
				CLANG_ANALYZER_NONNULL = YES;
				CLANG_ANALYZER_NUMBER_OBJECT_CONVERSION = YES_AGGRESSIVE;
				CLANG_CXX_LANGUAGE_STANDARD = "gnu++14";
				CLANG_CXX_LIBRARY = "libc++";
				CLANG_ENABLE_MODULES = YES;
				CLANG_ENABLE_OBJC_ARC = YES;
				CLANG_ENABLE_OBJC_WEAK = YES;
				CLANG_WARN_BLOCK_CAPTURE_AUTORELEASING = YES;
				CLANG_WARN_BOOL_CONVERSION = YES;
				CLANG_WARN_COMMA = YES;
				CLANG_WARN_CONSTANT_CONVERSION = YES;
				CLANG_WARN_DEPRECATED_OBJC_IMPLEMENTATIONS = YES;
				CLANG_WARN_DIRECT_OBJC_ISA_USAGE = YES_ERROR;
				CLANG_WARN_DOCUMENTATION_COMMENTS = YES;
				CLANG_WARN_EMPTY_BODY = YES;
				CLANG_WARN_ENUM_CONVERSION = YES;
				CLANG_WARN_INFINITE_RECURSION = YES;
				CLANG_WARN_INT_CONVERSION = YES;
				CLANG_WARN_NON_LITERAL_NULL_CONVERSION = YES;
				CLANG_WARN_OBJC_IMPLICIT_RETAIN_SELF = YES;
				CLANG_WARN_OBJC_LITERAL_CONVERSION = YES;
				CLANG_WARN_OBJC_ROOT_CLASS = YES_ERROR;
				CLANG_WARN_QUOTED_INCLUDE_IN_FRAMEWORK_HEADER = YES;
				CLANG_WARN_RANGE_LOOP_ANALYSIS = YES;
				CLANG_WARN_STRICT_PROTOTYPES = YES;
				CLANG_WARN_SUSPICIOUS_MOVE = YES;
				CLANG_WARN_UNGUARDED_AVAILABILITY = YES_AGGRESSIVE;
				CLANG_WARN_UNREACHABLE_CODE = YES;
				CLANG_WARN__DUPLICATE_METHOD_MATCH = YES;
				COPY_PHASE_STRIP = NO;
				DEBUG_INFORMATION_FORMAT = dwarf;
				ENABLE_STRICT_OBJC_MSGSEND = YES;
				ENABLE_TESTABILITY = YES;
				GCC_C_LANGUAGE_STANDARD = gnu11;
				GCC_DYNAMIC_NO_PIC = NO;
				GCC_NO_COMMON_BLOCKS = YES;
				GCC_OPTIMIZATION_LEVEL = 0;
				GCC_PREPROCESSOR_DEFINITIONS = (
					"$(inherited)",
					"DEBUG=1",
				);
				GCC_WARN_64_TO_32_BIT_CONVERSION = YES;
				GCC_WARN_ABOUT_RETURN_TYPE = YES_ERROR;
				GCC_WARN_UNDECLARED_SELECTOR = YES;
				GCC_WARN_UNINITIALIZED_AUTOS = YES_AGGRESSIVE;
				GCC_WARN_UNUSED_FUNCTION = YES;
				GCC_WARN_UNUSED_VARIABLE = YES;
				IPHONEOS_DEPLOYMENT_TARGET = 17.0;
				MTL_ENABLE_DEBUG_INFO = INCLUDE_SOURCE;
				MTL_FAST_MATH = YES;
				ONLY_ACTIVE_ARCH = YES;
				PRODUCT_NAME = "$(TARGET_NAME)";
				SDKROOT = iphoneos;
				SWIFT_ACTIVE_COMPILATION_CONDITIONS = DEBUG;
				SWIFT_OPTIMIZATION_LEVEL = "-Onone";
				SWIFT_VERSION = 5.0;
			};
			name = Debug;
		};
		BA7FA446D343440C7AC8E203 /* Release */ = {
			isa = XCBuildConfiguration;
			buildSettings = {
				CODE_SIGN_ENTITLEMENTS = Widgets/NivelWidgets.entitlements;
				"CODE_SIGN_IDENTITY[sdk=iphoneos*]" = "Apple Distribution";
				CODE_SIGN_STYLE = Manual;
				DEVELOPMENT_TEAM = AXVF69V3LL;
				INFOPLIST_FILE = Widgets/Info.plist;
				LD_RUNPATH_SEARCH_PATHS = (
					"$(inherited)",
					"@executable_path/Frameworks",
					"@executable_path/../../Frameworks",
				);
				PRODUCT_BUNDLE_IDENTIFIER = com.elitedangereuse.Nivel.Widgets;
				"PROVISIONING_PROFILE_SPECIFIER[sdk=iphoneos*]" = "Nivel Widgets App Store";
				SDKROOT = iphoneos;
				TARGETED_DEVICE_FAMILY = "1,2";
			};
			name = Release;
		};
		D0DC86D65519AC4C3D72D5CC /* Debug */ = {
			isa = XCBuildConfiguration;
			buildSettings = {
				CODE_SIGN_ENTITLEMENTS = Widgets/NivelWidgets.entitlements;
				DEVELOPMENT_TEAM = AXVF69V3LL;
				INFOPLIST_FILE = Widgets/Info.plist;
				LD_RUNPATH_SEARCH_PATHS = (
					"$(inherited)",
					"@executable_path/Frameworks",
					"@executable_path/../../Frameworks",
				);
				PRODUCT_BUNDLE_IDENTIFIER = com.elitedangereuse.Nivel.Widgets;
				SDKROOT = iphoneos;
				TARGETED_DEVICE_FAMILY = "1,2";
			};
			name = Debug;
		};
		ED89C477EF75DF6C30B598E4 /* Debug */ = {
			isa = XCBuildConfiguration;
			buildSettings = {
				BUNDLE_LOADER = "$(TEST_HOST)";
				GENERATE_INFOPLIST_FILE = YES;
				LD_RUNPATH_SEARCH_PATHS = (
					"$(inherited)",
					"@executable_path/Frameworks",
					"@loader_path/Frameworks",
				);
				PRODUCT_BUNDLE_IDENTIFIER = com.elitedangereuse.NivelTests;
				SDKROOT = iphoneos;
				TARGETED_DEVICE_FAMILY = "1,2";
				TEST_HOST = "$(BUILT_PRODUCTS_DIR)/Nivel.app/Nivel";
			};
			name = Debug;
		};
/* End XCBuildConfiguration section */

/* Begin XCConfigurationList section */
		3197E686F23E9F45A269CDE6 /* Build configuration list for PBXNativeTarget "Nivel" */ = {
			isa = XCConfigurationList;
			buildConfigurations = (
				5B0F8DDC8C507B5E40FE63C2 /* Debug */,
				AA3B4CDE4446D043722CA44D /* Release */,
			);
			defaultConfigurationIsVisible = 0;
			defaultConfigurationName = Debug;
		};
		6D59E3BA22F6B18CD1F33C4D /* Build configuration list for PBXProject "Nivel" */ = {
			isa = XCConfigurationList;
			buildConfigurations = (
				B7FA16B7B1905B2626FF0FDD /* Debug */,
				57D9D36D439461EC8FA85191 /* Release */,
			);
			defaultConfigurationIsVisible = 0;
			defaultConfigurationName = Debug;
		};
		D753B824792C7F7F8171006A /* Build configuration list for PBXNativeTarget "NivelUITests" */ = {
			isa = XCConfigurationList;
			buildConfigurations = (
				6EDCE7A4A042C9654A6BC26F /* Debug */,
				432A69B941119C7CECF998F0 /* Release */,
			);
			defaultConfigurationIsVisible = 0;
			defaultConfigurationName = Debug;
		};
		EB3BF924C955C8251F2082AD /* Build configuration list for PBXNativeTarget "NivelWidgets" */ = {
			isa = XCConfigurationList;
			buildConfigurations = (
				D0DC86D65519AC4C3D72D5CC /* Debug */,
				BA7FA446D343440C7AC8E203 /* Release */,
			);
			defaultConfigurationIsVisible = 0;
			defaultConfigurationName = Debug;
		};
		EF80D40966584D66EEABCDC3 /* Build configuration list for PBXNativeTarget "NivelTests" */ = {
			isa = XCConfigurationList;
			buildConfigurations = (
				ED89C477EF75DF6C30B598E4 /* Debug */,
				96F8A22F0A393B2B5FED0806 /* Release */,
			);
			defaultConfigurationIsVisible = 0;
			defaultConfigurationName = Debug;
		};
/* End XCConfigurationList section */

/* Begin XCLocalSwiftPackageReference section */
		7A9C36BC65A1C4D06724DB70 /* XCLocalSwiftPackageReference "NivelCore" */ = {
			isa = XCLocalSwiftPackageReference;
			relativePath = NivelCore;
		};
/* End XCLocalSwiftPackageReference section */

/* Begin XCSwiftPackageProductDependency section */
		9E90148A545B2C16C0326922 /* NivelCore */ = {
			isa = XCSwiftPackageProductDependency;
			productName = NivelCore;
		};
		B88CBBE48B3261367C1BD66E /* NivelCore */ = {
			isa = XCSwiftPackageProductDependency;
			productName = NivelCore;
		};
/* End XCSwiftPackageProductDependency section */
	};
	rootObject = 04E8B4E936966D5E7CBCE2A4 /* Project object */;
}
